
Microsoft Visual Studio Solution File, Format Version 12.00
# Visual Studio Version 17
VisualStudioVersion = 17.2.32616.157
MinimumVisualStudioVersion = 10.0.40219.1
Project("{FAE04EC0-301F-11D3-BF4B-00C04F79EFBC}") = "WildlifeManager", "WildlifeManager\WildlifeManager.csproj", "{DF81AD3A-E790-4DAD-BE89-24FC624C552B}"
EndProject
Global
	GlobalSection(SolutionConfigurationPlatforms) = preSolution
		Debug|Any CPU = Debug|Any CPU
		Debug|x64 = Debug|x64
		Debug|x86 = Debug|x86
		Release|Any CPU = Release|Any CPU
		Release|x64 = Release|x64
		Release|x86 = Release|x86
	EndGlobalSection
	GlobalSection(ProjectConfigurationPlatforms) = postSolution
		{DF81AD3A-E790-4DAD-BE89-24FC624C552B}.Debug|Any CPU.ActiveCfg = Debug|Any CPU
		{DF81AD3A-E790-4DAD-BE89-24FC624C552B}.Debug|Any CPU.Build.0 = Debug|Any CPU
		{DF81AD3A-E790-4DAD-BE89-24FC624C552B}.Debug|x64.ActiveCfg = Debug|Any CPU
		{DF81AD3A-E790-4DAD-BE89-24FC624C552B}.Debug|x64.Build.0 = Debug|Any CPU
		{DF81AD3A-E790-4DAD-BE89-24FC624C552B}.Debug|x86.ActiveCfg = Debug|Any CPU
		{DF81AD3A-E790-4DAD-BE89-24FC624C552B}.Debug|x86.Build.0 = Debug|Any CPU
		{DF81AD3A-E790-4DAD-BE89-24FC624C552B}.Release|Any CPU.ActiveCfg = Release|Any CPU
		{DF81AD3A-E790-4DAD-BE89-24FC624C552B}.Release|Any CPU.Build.0 = Release|Any CPU
		{DF81AD3A-E790-4DAD-BE89-24FC624C552B}.Release|x64.ActiveCfg = Release|Any CPU
		{DF81AD3A-E790-4DAD-BE89-24FC624C552B}.Release|x64.Build.0 = Release|Any CPU
		{DF81AD3A-E790-4DAD-BE89-24FC624C552B}.Release|x86.ActiveCfg = Release|Any CPU
		{DF81AD3A-E790-4DAD-BE89-24FC624C552B}.Release|x86.Build.0 = Release|Any CPU
	EndGlobalSection
	GlobalSection(SolutionProperties) = preSolution
		HideSolutionNode = FALSE
	EndGlobalSection
	GlobalSection(ExtensibilityGlobals) = postSolution
		SolutionGuid = {1DB3DAE3-480D-4A95-84C3-076690774963}
	EndGlobalSection
EndGlobal
