Microsoft Visual Studio Solution File, Format Version 12.00
# Visual Studio Version 16
VisualStudioVersion = 16.0.30114.105
MinimumVisualStudioVersion = 10.0.40219.1
Project("{930C7802-8A8C-48F9-8165-68863BCCD9DD}") = "MSI", "MSI\MSI.wixproj", "{137DB774-6464-48BC-B577-091ABEAF0178}"
	ProjectSection(ProjectDependencies) = postProject
		{1D4F9843-B1CB-4CCC-A13A-D132336750F2} = {1D4F9843-B1CB-4CCC-A13A-D132336750F2}
		{B1DED5B2-FA82-4B17-8E10-7B3B6F6A14FB} = {B1DED5B2-FA82-4B17-8E10-7B3B6F6A14FB}
		{608E7EF9-C670-4152-A056-46448E2F1E18} = {608E7EF9-C670-4152-A056-46448E2F1E18}
	EndProjectSection
EndProject
Project("{2150E333-8FDC-42A3-9474-1A3956D46DE8}") = "Packages", "Packages", "{C23FB215-D2F6-454D-BD08-7736562CDFB3}"
EndProject
Project("{2150E333-8FDC-42A3-9474-1A3956D46DE8}") = "Runtime", "Runtime", "{7514A72C-6BC5-431A-920F-55B62413EAC8}"
EndProject
Project("{9A19103F-16F7-4668-BE54-9A1E7A4F7556}") = "Win32", "AccessibilityInsights.Win32\Win32.csproj", "{608E7EF9-C670-4152-A056-46448E2F1E18}"
EndProject
Project("{9A19103F-16F7-4668-BE54-9A1E7A4F7556}") = "VersionSwitcher", "AccessibilityInsights.VersionSwitcher\VersionSwitcher.csproj", "{1D4F9843-B1CB-4CCC-A13A-D132336750F2}"
	ProjectSection(ProjectDependencies) = postProject
		{608E7EF9-C670-4152-A056-46448E2F1E18} = {608E7EF9-C670-4152-A056-46448E2F1E18}
	EndProjectSection
EndProject
Project("{2150E333-8FDC-42A3-9474-1A3956D46DE8}") = "Setup Tools", "Setup Tools", "{2190F103-4B22-43FE-A047-093356B1007A}"
EndProject
Project("{9A19103F-16F7-4668-BE54-9A1E7A4F7556}") = "SetupLibrary", "AccessibilityInsights.SetupLibrary\SetupLibrary.csproj", "{B1DED5B2-FA82-4B17-8E10-7B3B6F6A14FB}"
EndProject
Project("{FAE04EC0-301F-11D3-BF4B-00C04F79EFBC}") = "CustomActions.Package", "AccessibilityInsights.CustomActions.Package\CustomActions.Package.csproj", "{01426834-55CE-4942-8445-194E4E1BE22A}"
EndProject
Project("{9A19103F-16F7-4668-BE54-9A1E7A4F7556}") = "CustomActions", "AccessibilityInsights.CustomActions\CustomActions.csproj", "{5838601C-D9EB-4198-9608-5F93735A04E4}"
EndProject
Project("{9A19103F-16F7-4668-BE54-9A1E7A4F7556}") = "CustomActionsUnitTests", "AccessibilityInsights.CustomActionsUnitTests\CustomActionsUnitTests.csproj", "{049EC5BE-9EA1-4E6F-A332-B32BFDE0ED58}"
EndProject
Project("{9A19103F-16F7-4668-BE54-9A1E7A4F7556}") = "CustomActions.Test", "AccessibilityInsights.CustomActions.Test\CustomActions.Test.csproj", "{E5740FD9-D0C9-4E68-ADC9-EA9231009E69}"
EndProject
Global
	GlobalSection(SolutionConfigurationPlatforms) = preSolution
		Debug|Any CPU = Debug|Any CPU
		Debug|x64 = Debug|x64
		Debug|x86 = Debug|x86
		Release|Any CPU = Release|Any CPU
		Release|x64 = Release|x64
		Release|x86 = Release|x86
		SignedRelease|Any CPU = SignedRelease|Any CPU
		SignedRelease|x64 = SignedRelease|x64
		SignedRelease|x86 = SignedRelease|x86
	EndGlobalSection
	GlobalSection(ProjectConfigurationPlatforms) = postSolution
		{137DB774-6464-48BC-B577-091ABEAF0178}.Debug|Any CPU.ActiveCfg = Debug|x86
		{137DB774-6464-48BC-B577-091ABEAF0178}.Debug|x64.ActiveCfg = Debug|x86
		{137DB774-6464-48BC-B577-091ABEAF0178}.Debug|x86.ActiveCfg = Debug|x86
		{137DB774-6464-48BC-B577-091ABEAF0178}.Debug|x86.Build.0 = Debug|x86
		{137DB774-6464-48BC-B577-091ABEAF0178}.Release|Any CPU.ActiveCfg = Release|x86
		{137DB774-6464-48BC-B577-091ABEAF0178}.Release|x64.ActiveCfg = Release|x86
		{137DB774-6464-48BC-B577-091ABEAF0178}.Release|x86.ActiveCfg = Release|x86
		{137DB774-6464-48BC-B577-091ABEAF0178}.Release|x86.Build.0 = Release|x86
		{137DB774-6464-48BC-B577-091ABEAF0178}.SignedRelease|Any CPU.ActiveCfg = Debug|x86
		{137DB774-6464-48BC-B577-091ABEAF0178}.SignedRelease|Any CPU.Build.0 = Debug|x86
		{137DB774-6464-48BC-B577-091ABEAF0178}.SignedRelease|x64.ActiveCfg = Debug|x86
		{137DB774-6464-48BC-B577-091ABEAF0178}.SignedRelease|x64.Build.0 = Debug|x86
		{137DB774-6464-48BC-B577-091ABEAF0178}.SignedRelease|x86.ActiveCfg = Release|x86
		{137DB774-6464-48BC-B577-091ABEAF0178}.SignedRelease|x86.Build.0 = Release|x86
		{608E7EF9-C670-4152-A056-46448E2F1E18}.Debug|Any CPU.ActiveCfg = Debug|Any CPU
		{608E7EF9-C670-4152-A056-46448E2F1E18}.Debug|Any CPU.Build.0 = Debug|Any CPU
		{608E7EF9-C670-4152-A056-46448E2F1E18}.Debug|x64.ActiveCfg = Debug|Any CPU
		{608E7EF9-C670-4152-A056-46448E2F1E18}.Debug|x64.Build.0 = Debug|Any CPU
		{608E7EF9-C670-4152-A056-46448E2F1E18}.Debug|x86.ActiveCfg = Debug|Any CPU
		{608E7EF9-C670-4152-A056-46448E2F1E18}.Debug|x86.Build.0 = Debug|Any CPU
		{608E7EF9-C670-4152-A056-46448E2F1E18}.Release|Any CPU.ActiveCfg = Release|Any CPU
		{608E7EF9-C670-4152-A056-46448E2F1E18}.Release|Any CPU.Build.0 = Release|Any CPU
		{608E7EF9-C670-4152-A056-46448E2F1E18}.Release|x64.ActiveCfg = Release|Any CPU
		{608E7EF9-C670-4152-A056-46448E2F1E18}.Release|x64.Build.0 = Release|Any CPU
		{608E7EF9-C670-4152-A056-46448E2F1E18}.Release|x86.ActiveCfg = Release|Any CPU
		{608E7EF9-C670-4152-A056-46448E2F1E18}.Release|x86.Build.0 = Release|Any CPU
		{608E7EF9-C670-4152-A056-46448E2F1E18}.SignedRelease|Any CPU.ActiveCfg = Release|Any CPU
		{608E7EF9-C670-4152-A056-46448E2F1E18}.SignedRelease|Any CPU.Build.0 = Release|Any CPU
		{608E7EF9-C670-4152-A056-46448E2F1E18}.SignedRelease|x64.ActiveCfg = Release|Any CPU
		{608E7EF9-C670-4152-A056-46448E2F1E18}.SignedRelease|x64.Build.0 = Release|Any CPU
		{608E7EF9-C670-4152-A056-46448E2F1E18}.SignedRelease|x86.ActiveCfg = Release|Any CPU
		{608E7EF9-C670-4152-A056-46448E2F1E18}.SignedRelease|x86.Build.0 = Release|Any CPU
		{1D4F9843-B1CB-4CCC-A13A-D132336750F2}.Debug|Any CPU.ActiveCfg = Debug|Any CPU
		{1D4F9843-B1CB-4CCC-A13A-D132336750F2}.Debug|Any CPU.Build.0 = Debug|Any CPU
		{1D4F9843-B1CB-4CCC-A13A-D132336750F2}.Debug|x64.ActiveCfg = Debug|Any CPU
		{1D4F9843-B1CB-4CCC-A13A-D132336750F2}.Debug|x64.Build.0 = Debug|Any CPU
		{1D4F9843-B1CB-4CCC-A13A-D132336750F2}.Debug|x86.ActiveCfg = Debug|Any CPU
		{1D4F9843-B1CB-4CCC-A13A-D132336750F2}.Debug|x86.Build.0 = Debug|Any CPU
		{1D4F9843-B1CB-4CCC-A13A-D132336750F2}.Release|Any CPU.ActiveCfg = Release|Any CPU
		{1D4F9843-B1CB-4CCC-A13A-D132336750F2}.Release|Any CPU.Build.0 = Release|Any CPU
		{1D4F9843-B1CB-4CCC-A13A-D132336750F2}.Release|x64.ActiveCfg = Release|Any CPU
		{1D4F9843-B1CB-4CCC-A13A-D132336750F2}.Release|x64.Build.0 = Release|Any CPU
		{1D4F9843-B1CB-4CCC-A13A-D132336750F2}.Release|x86.ActiveCfg = Release|Any CPU
		{1D4F9843-B1CB-4CCC-A13A-D132336750F2}.Release|x86.Build.0 = Release|Any CPU
		{1D4F9843-B1CB-4CCC-A13A-D132336750F2}.SignedRelease|Any CPU.ActiveCfg = Release|Any CPU
		{1D4F9843-B1CB-4CCC-A13A-D132336750F2}.SignedRelease|Any CPU.Build.0 = Release|Any CPU
		{1D4F9843-B1CB-4CCC-A13A-D132336750F2}.SignedRelease|x64.ActiveCfg = Release|Any CPU
		{1D4F9843-B1CB-4CCC-A13A-D132336750F2}.SignedRelease|x64.Build.0 = Release|Any CPU
		{1D4F9843-B1CB-4CCC-A13A-D132336750F2}.SignedRelease|x86.ActiveCfg = Release|Any CPU
		{1D4F9843-B1CB-4CCC-A13A-D132336750F2}.SignedRelease|x86.Build.0 = Release|Any CPU
		{B1DED5B2-FA82-4B17-8E10-7B3B6F6A14FB}.Debug|Any CPU.ActiveCfg = Debug|Any CPU
		{B1DED5B2-FA82-4B17-8E10-7B3B6F6A14FB}.Debug|Any CPU.Build.0 = Debug|Any CPU
		{B1DED5B2-FA82-4B17-8E10-7B3B6F6A14FB}.Debug|x64.ActiveCfg = Debug|Any CPU
		{B1DED5B2-FA82-4B17-8E10-7B3B6F6A14FB}.Debug|x64.Build.0 = Debug|Any CPU
		{B1DED5B2-FA82-4B17-8E10-7B3B6F6A14FB}.Debug|x86.ActiveCfg = Debug|Any CPU
		{B1DED5B2-FA82-4B17-8E10-7B3B6F6A14FB}.Debug|x86.Build.0 = Debug|Any CPU
		{B1DED5B2-FA82-4B17-8E10-7B3B6F6A14FB}.Release|Any CPU.ActiveCfg = Release|Any CPU
		{B1DED5B2-FA82-4B17-8E10-7B3B6F6A14FB}.Release|Any CPU.Build.0 = Release|Any CPU
		{B1DED5B2-FA82-4B17-8E10-7B3B6F6A14FB}.Release|x64.ActiveCfg = Release|Any CPU
		{B1DED5B2-FA82-4B17-8E10-7B3B6F6A14FB}.Release|x64.Build.0 = Release|Any CPU
		{B1DED5B2-FA82-4B17-8E10-7B3B6F6A14FB}.Release|x86.ActiveCfg = Release|Any CPU
		{B1DED5B2-FA82-4B17-8E10-7B3B6F6A14FB}.Release|x86.Build.0 = Release|Any CPU
		{B1DED5B2-FA82-4B17-8E10-7B3B6F6A14FB}.SignedRelease|Any CPU.ActiveCfg = Release|Any CPU
		{B1DED5B2-FA82-4B17-8E10-7B3B6F6A14FB}.SignedRelease|Any CPU.Build.0 = Release|Any CPU
		{B1DED5B2-FA82-4B17-8E10-7B3B6F6A14FB}.SignedRelease|x64.ActiveCfg = Release|Any CPU
		{B1DED5B2-FA82-4B17-8E10-7B3B6F6A14FB}.SignedRelease|x64.Build.0 = Release|Any CPU
		{B1DED5B2-FA82-4B17-8E10-7B3B6F6A14FB}.SignedRelease|x86.ActiveCfg = Release|Any CPU
		{B1DED5B2-FA82-4B17-8E10-7B3B6F6A14FB}.SignedRelease|x86.Build.0 = Release|Any CPU
		{01426834-55CE-4942-8445-194E4E1BE22A}.Debug|Any CPU.ActiveCfg = Debug|x86
		{01426834-55CE-4942-8445-194E4E1BE22A}.Debug|Any CPU.Build.0 = Debug|x86
		{01426834-55CE-4942-8445-194E4E1BE22A}.Debug|x64.ActiveCfg = Debug|x86
		{01426834-55CE-4942-8445-194E4E1BE22A}.Debug|x86.ActiveCfg = Debug|x86
		{01426834-55CE-4942-8445-194E4E1BE22A}.Debug|x86.Build.0 = Debug|x86
		{01426834-55CE-4942-8445-194E4E1BE22A}.Release|Any CPU.ActiveCfg = Release|x86
		{01426834-55CE-4942-8445-194E4E1BE22A}.Release|Any CPU.Build.0 = Release|x86
		{01426834-55CE-4942-8445-194E4E1BE22A}.Release|x64.ActiveCfg = Release|x86
		{01426834-55CE-4942-8445-194E4E1BE22A}.Release|x86.ActiveCfg = Release|x86
		{01426834-55CE-4942-8445-194E4E1BE22A}.Release|x86.Build.0 = Release|x86
		{01426834-55CE-4942-8445-194E4E1BE22A}.SignedRelease|Any CPU.ActiveCfg = Release|x86
		{01426834-55CE-4942-8445-194E4E1BE22A}.SignedRelease|Any CPU.Build.0 = Release|x86
		{01426834-55CE-4942-8445-194E4E1BE22A}.SignedRelease|x64.ActiveCfg = Debug|x86
		{01426834-55CE-4942-8445-194E4E1BE22A}.SignedRelease|x64.Build.0 = Debug|x86
		{01426834-55CE-4942-8445-194E4E1BE22A}.SignedRelease|x86.ActiveCfg = Release|x86
		{01426834-55CE-4942-8445-194E4E1BE22A}.SignedRelease|x86.Build.0 = Release|x86
		{5838601C-D9EB-4198-9608-5F93735A04E4}.Debug|Any CPU.ActiveCfg = Debug|Any CPU
		{5838601C-D9EB-4198-9608-5F93735A04E4}.Debug|Any CPU.Build.0 = Debug|Any CPU
		{5838601C-D9EB-4198-9608-5F93735A04E4}.Debug|x64.ActiveCfg = Debug|Any CPU
		{5838601C-D9EB-4198-9608-5F93735A04E4}.Debug|x64.Build.0 = Debug|Any CPU
		{5838601C-D9EB-4198-9608-5F93735A04E4}.Debug|x86.ActiveCfg = Debug|Any CPU
		{5838601C-D9EB-4198-9608-5F93735A04E4}.Debug|x86.Build.0 = Debug|Any CPU
		{5838601C-D9EB-4198-9608-5F93735A04E4}.Release|Any CPU.ActiveCfg = Release|Any CPU
		{5838601C-D9EB-4198-9608-5F93735A04E4}.Release|Any CPU.Build.0 = Release|Any CPU
		{5838601C-D9EB-4198-9608-5F93735A04E4}.Release|x64.ActiveCfg = Release|Any CPU
		{5838601C-D9EB-4198-9608-5F93735A04E4}.Release|x64.Build.0 = Release|Any CPU
		{5838601C-D9EB-4198-9608-5F93735A04E4}.Release|x86.ActiveCfg = Release|Any CPU
		{5838601C-D9EB-4198-9608-5F93735A04E4}.Release|x86.Build.0 = Release|Any CPU
		{5838601C-D9EB-4198-9608-5F93735A04E4}.SignedRelease|Any CPU.ActiveCfg = Release|Any CPU
		{5838601C-D9EB-4198-9608-5F93735A04E4}.SignedRelease|Any CPU.Build.0 = Release|Any CPU
		{5838601C-D9EB-4198-9608-5F93735A04E4}.SignedRelease|x64.ActiveCfg = Release|Any CPU
		{5838601C-D9EB-4198-9608-5F93735A04E4}.SignedRelease|x64.Build.0 = Release|Any CPU
		{5838601C-D9EB-4198-9608-5F93735A04E4}.SignedRelease|x86.ActiveCfg = Release|Any CPU
		{5838601C-D9EB-4198-9608-5F93735A04E4}.SignedRelease|x86.Build.0 = Release|Any CPU
		{049EC5BE-9EA1-4E6F-A332-B32BFDE0ED58}.Debug|Any CPU.ActiveCfg = Debug|Any CPU
		{049EC5BE-9EA1-4E6F-A332-B32BFDE0ED58}.Debug|Any CPU.Build.0 = Debug|Any CPU
		{049EC5BE-9EA1-4E6F-A332-B32BFDE0ED58}.Debug|x64.ActiveCfg = Debug|Any CPU
		{049EC5BE-9EA1-4E6F-A332-B32BFDE0ED58}.Debug|x64.Build.0 = Debug|Any CPU
		{049EC5BE-9EA1-4E6F-A332-B32BFDE0ED58}.Debug|x86.ActiveCfg = Debug|Any CPU
		{049EC5BE-9EA1-4E6F-A332-B32BFDE0ED58}.Debug|x86.Build.0 = Debug|Any CPU
		{049EC5BE-9EA1-4E6F-A332-B32BFDE0ED58}.Release|Any CPU.ActiveCfg = Release|Any CPU
		{049EC5BE-9EA1-4E6F-A332-B32BFDE0ED58}.Release|Any CPU.Build.0 = Release|Any CPU
		{049EC5BE-9EA1-4E6F-A332-B32BFDE0ED58}.Release|x64.ActiveCfg = Release|Any CPU
		{049EC5BE-9EA1-4E6F-A332-B32BFDE0ED58}.Release|x64.Build.0 = Release|Any CPU
		{049EC5BE-9EA1-4E6F-A332-B32BFDE0ED58}.Release|x86.ActiveCfg = Release|Any CPU
		{049EC5BE-9EA1-4E6F-A332-B32BFDE0ED58}.Release|x86.Build.0 = Release|Any CPU
		{049EC5BE-9EA1-4E6F-A332-B32BFDE0ED58}.SignedRelease|Any CPU.ActiveCfg = Release|Any CPU
		{049EC5BE-9EA1-4E6F-A332-B32BFDE0ED58}.SignedRelease|Any CPU.Build.0 = Release|Any CPU
		{049EC5BE-9EA1-4E6F-A332-B32BFDE0ED58}.SignedRelease|x64.ActiveCfg = Release|Any CPU
		{049EC5BE-9EA1-4E6F-A332-B32BFDE0ED58}.SignedRelease|x64.Build.0 = Release|Any CPU
		{049EC5BE-9EA1-4E6F-A332-B32BFDE0ED58}.SignedRelease|x86.ActiveCfg = Release|Any CPU
		{049EC5BE-9EA1-4E6F-A332-B32BFDE0ED58}.SignedRelease|x86.Build.0 = Release|Any CPU
		{E5740FD9-D0C9-4E68-ADC9-EA9231009E69}.Debug|Any CPU.ActiveCfg = Debug|Any CPU
		{E5740FD9-D0C9-4E68-ADC9-EA9231009E69}.Debug|Any CPU.Build.0 = Debug|Any CPU
		{E5740FD9-D0C9-4E68-ADC9-EA9231009E69}.Debug|x64.ActiveCfg = Debug|Any CPU
		{E5740FD9-D0C9-4E68-ADC9-EA9231009E69}.Debug|x64.Build.0 = Debug|Any CPU
		{E5740FD9-D0C9-4E68-ADC9-EA9231009E69}.Debug|x86.ActiveCfg = Debug|Any CPU
		{E5740FD9-D0C9-4E68-ADC9-EA9231009E69}.Debug|x86.Build.0 = Debug|Any CPU
		{E5740FD9-D0C9-4E68-ADC9-EA9231009E69}.Release|Any CPU.ActiveCfg = Release|Any CPU
		{E5740FD9-D0C9-4E68-ADC9-EA9231009E69}.Release|Any CPU.Build.0 = Release|Any CPU
		{E5740FD9-D0C9-4E68-ADC9-EA9231009E69}.Release|x64.ActiveCfg = Release|Any CPU
		{E5740FD9-D0C9-4E68-ADC9-EA9231009E69}.Release|x64.Build.0 = Release|Any CPU
		{E5740FD9-D0C9-4E68-ADC9-EA9231009E69}.Release|x86.ActiveCfg = Release|Any CPU
		{E5740FD9-D0C9-4E68-ADC9-EA9231009E69}.Release|x86.Build.0 = Release|Any CPU
		{E5740FD9-D0C9-4E68-ADC9-EA9231009E69}.SignedRelease|Any CPU.ActiveCfg = Release|Any CPU
		{E5740FD9-D0C9-4E68-ADC9-EA9231009E69}.SignedRelease|Any CPU.Build.0 = Release|Any CPU
		{E5740FD9-D0C9-4E68-ADC9-EA9231009E69}.SignedRelease|x64.ActiveCfg = Release|Any CPU
		{E5740FD9-D0C9-4E68-ADC9-EA9231009E69}.SignedRelease|x64.Build.0 = Release|Any CPU
		{E5740FD9-D0C9-4E68-ADC9-EA9231009E69}.SignedRelease|x86.ActiveCfg = Release|Any CPU
		{E5740FD9-D0C9-4E68-ADC9-EA9231009E69}.SignedRelease|x86.Build.0 = Release|Any CPU
	EndGlobalSection
	GlobalSection(SolutionProperties) = preSolution
		HideSolutionNode = FALSE
	EndGlobalSection
	GlobalSection(NestedProjects) = preSolution
		{137DB774-6464-48BC-B577-091ABEAF0178} = {C23FB215-D2F6-454D-BD08-7736562CDFB3}
		{608E7EF9-C670-4152-A056-46448E2F1E18} = {7514A72C-6BC5-431A-920F-55B62413EAC8}
		{B1DED5B2-FA82-4B17-8E10-7B3B6F6A14FB} = {2190F103-4B22-43FE-A047-093356B1007A}
		{01426834-55CE-4942-8445-194E4E1BE22A} = {C23FB215-D2F6-454D-BD08-7736562CDFB3}
		{5838601C-D9EB-4198-9608-5F93735A04E4} = {2190F103-4B22-43FE-A047-093356B1007A}
		{049EC5BE-9EA1-4E6F-A332-B32BFDE0ED58} = {2190F103-4B22-43FE-A047-093356B1007A}
		{E5740FD9-D0C9-4E68-ADC9-EA9231009E69} = {C23FB215-D2F6-454D-BD08-7736562CDFB3}
	EndGlobalSection
	GlobalSection(ExtensibilityGlobals) = postSolution
		SolutionGuid = {25101A75-9178-4066-B360-E932959B9758}
	EndGlobalSection
	GlobalSection(Performance) = preSolution
		HasPerformanceSessions = true
	EndGlobalSection
	GlobalSection(Performance) = preSolution
		HasPerformanceSessions = true
	EndGlobalSection
	GlobalSection(Performance) = preSolution
		HasPerformanceSessions = true
	EndGlobalSection
	GlobalSection(Performance) = preSolution
		HasPerformanceSessions = true
	EndGlobalSection
	GlobalSection(Performance) = preSolution
		HasPerformanceSessions = true
	EndGlobalSection
EndGlobal
