Microsoft Visual Studio Solution File, Format Version 12.00
# Visual Studio 15
VisualStudioVersion = 15.0.27130.2024
MinimumVisualStudioVersion = 10.0.40219.1
Project("{FAE04EC0-301F-11D3-BF4B-00C04F79EFBC}") = "Desktop", "AccessibilityInsights.Desktop\Desktop.csproj", "{0B9855FD-7B04-415C-A813-DA9697693FDA}"
EndProject
Project("{FAE04EC0-301F-11D3-BF4B-00C04F79EFBC}") = "Core", "AccessibilityInsights.Core\Core.csproj", "{2DA36FA6-4FF8-4DB4-AA7E-2F1CACAE6E35}"
EndProject
Project("{FAE04EC0-301F-11D3-BF4B-00C04F79EFBC}") = "DesktopTests", "AccessibilityInsights.DesktopTests\DesktopTests.csproj", "{AB9E59B6-54CE-4F5D-8055-8AD6745F3B84}"
	ProjectSection(ProjectDependencies) = postProject
		{149576B1-9947-4BE0-9008-DFFD0DA36E00} = {149576B1-9947-4BE0-9008-DFFD0DA36E00}
	EndProjectSection
EndProject
Project("{FAE04EC0-301F-11D3-BF4B-00C04F79EFBC}") = "SharedUxTests", "AccessibilityInsights.SharedUxTests\SharedUxTests.csproj", "{F595A9C3-E625-40C9-82A5-79F05804F535}"
	ProjectSection(ProjectDependencies) = postProject
		{149576B1-9947-4BE0-9008-DFFD0DA36E00} = {149576B1-9947-4BE0-9008-DFFD0DA36E00}
	EndProjectSection
EndProject
Project("{FAE04EC0-301F-11D3-BF4B-00C04F79EFBC}") = "CoreTests", "AccessibilityInsights.CoreTests\CoreTests.csproj", "{BD29FE9B-6FB1-4141-92A5-34C4CAED8274}"
	ProjectSection(ProjectDependencies) = postProject
		{149576B1-9947-4BE0-9008-DFFD0DA36E00} = {149576B1-9947-4BE0-9008-DFFD0DA36E00}
	EndProjectSection
EndProject
Project("{930C7802-8A8C-48F9-8165-68863BCCD9DD}") = "MSI", "MSI\MSI.wixproj", "{137DB774-6464-48BC-B577-091ABEAF0178}"
	ProjectSection(ProjectDependencies) = postProject
		{EAA85D0D-712D-4D85-A246-D3C699C6C602} = {EAA85D0D-712D-4D85-A246-D3C699C6C602}
		{7FE58829-560E-4142-BF81-291A66D3844B} = {7FE58829-560E-4142-BF81-291A66D3844B}
		{D17E1749-28FE-44B9-A9F6-AF8985124FE4} = {D17E1749-28FE-44B9-A9F6-AF8985124FE4}
		{5E06484C-A156-46D7-830B-68275ED64F44} = {5E06484C-A156-46D7-830B-68275ED64F44}
		{B2FA5150-470A-4864-A191-7BCAE39DF35A} = {B2FA5150-470A-4864-A191-7BCAE39DF35A}
		{BE9F7E62-D9D6-4FC7-B449-820899498621} = {BE9F7E62-D9D6-4FC7-B449-820899498621}
		{723F3286-D001-4CB1-9F4D-29EF6B894877} = {723F3286-D001-4CB1-9F4D-29EF6B894877}
		{BBDB2193-7738-4E6D-8061-1DAA64FCCBB0} = {BBDB2193-7738-4E6D-8061-1DAA64FCCBB0}
		{723DDC93-8AB7-403C-9D03-C90B01CAE774} = {723DDC93-8AB7-403C-9D03-C90B01CAE774}
		{AE5EC69F-158A-41C8-AD2B-EC7B84D820EF} = {AE5EC69F-158A-41C8-AD2B-EC7B84D820EF}
		{2DA36FA6-4FF8-4DB4-AA7E-2F1CACAE6E35} = {2DA36FA6-4FF8-4DB4-AA7E-2F1CACAE6E35}
		{31C471C1-2EF1-4FE1-90DC-16D007B87648} = {31C471C1-2EF1-4FE1-90DC-16D007B87648}
		{80165CCC-6D76-4590-A16B-1790A35B08E4} = {80165CCC-6D76-4590-A16B-1790A35B08E4}
		{AB7195E3-A01D-4708-87AF-08E9418AE33F} = {AB7195E3-A01D-4708-87AF-08E9418AE33F}
		{608E7EF9-C670-4152-A056-46448E2F1E18} = {608E7EF9-C670-4152-A056-46448E2F1E18}
		{0B9855FD-7B04-415C-A813-DA9697693FDA} = {0B9855FD-7B04-415C-A813-DA9697693FDA}
		{58DBF9FE-0029-408F-A8A4-23AE500E938D} = {58DBF9FE-0029-408F-A8A4-23AE500E938D}
	EndProjectSection
EndProject
Project("{FAE04EC0-301F-11D3-BF4B-00C04F79EFBC}") = "Extensions.Telemetry", "AccessibilityInsights.Extensions.Telemetry\Extensions.Telemetry.csproj", "{D17E1749-28FE-44B9-A9F6-AF8985124FE4}"
EndProject
Project("{FAE04EC0-301F-11D3-BF4B-00C04F79EFBC}") = "Actions", "AccessibilityInsights.Actions\Actions.csproj", "{B2FA5150-470A-4864-A191-7BCAE39DF35A}"
EndProject
Project("{FAE04EC0-301F-11D3-BF4B-00C04F79EFBC}") = "SharedUx", "AccessibilityInsights.SharedUx\SharedUx.csproj", "{723DDC93-8AB7-403C-9D03-C90B01CAE774}"
EndProject
Project("{FAE04EC0-301F-11D3-BF4B-00C04F79EFBC}") = "AccessibilityInsights", "AccessibilityInsights\AccessibilityInsights.csproj", "{5E06484C-A156-46D7-830B-68275ED64F44}"
EndProject
Project("{FAE04EC0-301F-11D3-BF4B-00C04F79EFBC}") = "DesktopUI", "AccessibilityInsights.DesktopUI\DesktopUI.csproj", "{31C471C1-2EF1-4FE1-90DC-16D007B87648}"
EndProject
Project("{FAE04EC0-301F-11D3-BF4B-00C04F79EFBC}") = "Extensions.AzureDevOps", "AccessibilityInsights.Extensions.AzureDevOps\Extensions.AzureDevOps.csproj", "{58DBF9FE-0029-408F-A8A4-23AE500E938D}"
EndProject
Project("{FAE04EC0-301F-11D3-BF4B-00C04F79EFBC}") = "Extensions.AzureDevOpsTests", "AccessibilityInsights.Extensions.AzureDevOpsTests\Extensions.AzureDevOpsTests.csproj", "{723F3286-D001-4CB1-9F4D-29EF6B894877}"
	ProjectSection(ProjectDependencies) = postProject
		{149576B1-9947-4BE0-9008-DFFD0DA36E00} = {149576B1-9947-4BE0-9008-DFFD0DA36E00}
	EndProjectSection
EndProject
Project("{FAE04EC0-301F-11D3-BF4B-00C04F79EFBC}") = "CI", "AccessibilityInsights.CI\CI.csproj", "{32273060-8BBE-4BB6-9198-50F9C680BE60}"
	ProjectSection(ProjectDependencies) = postProject
		{D17E1749-28FE-44B9-A9F6-AF8985124FE4} = {D17E1749-28FE-44B9-A9F6-AF8985124FE4}
		{58DBF9FE-0029-408F-A8A4-23AE500E938D} = {58DBF9FE-0029-408F-A8A4-23AE500E938D}
	EndProjectSection
EndProject
Project("{FAE04EC0-301F-11D3-BF4B-00C04F79EFBC}") = "Rules", "AccessibilityInsights.Rules\Rules.csproj", "{7FE58829-560E-4142-BF81-291A66D3844B}"
EndProject
Project("{FAE04EC0-301F-11D3-BF4B-00C04F79EFBC}") = "RulesTests", "AccessibilityInsights.RulesTest\RulesTests.csproj", "{EB28AA55-C07A-4EE4-AAAE-49338F3590A6}"
	ProjectSection(ProjectDependencies) = postProject
		{149576B1-9947-4BE0-9008-DFFD0DA36E00} = {149576B1-9947-4BE0-9008-DFFD0DA36E00}
	EndProjectSection
EndProject
Project("{FAE04EC0-301F-11D3-BF4B-00C04F79EFBC}") = "RuleSelection", "AccessibilityInsights.RuleSelection\RuleSelection.csproj", "{AB7195E3-A01D-4708-87AF-08E9418AE33F}"
EndProject
Project("{FAE04EC0-301F-11D3-BF4B-00C04F79EFBC}") = "Automation", "AccessibilityInsights.Automation\Automation.csproj", "{AE5EC69F-158A-41C8-AD2B-EC7B84D820EF}"
EndProject
Project("{FAE04EC0-301F-11D3-BF4B-00C04F79EFBC}") = "AutomationTests", "AccessibilityInsights.AutomationTests\AutomationTests.csproj", "{6DEDB6A2-2D5D-45E9-9B71-8ED6AFD8167C}"
	ProjectSection(ProjectDependencies) = postProject
		{149576B1-9947-4BE0-9008-DFFD0DA36E00} = {149576B1-9947-4BE0-9008-DFFD0DA36E00}
	EndProjectSection
EndProject
Project("{FAE04EC0-301F-11D3-BF4B-00C04F79EFBC}") = "ActionsTests", "AccessibilityInsights.ActionsTests\ActionsTests.csproj", "{1E26E004-331B-49DF-88C0-D8780B7566AD}"
	ProjectSection(ProjectDependencies) = postProject
		{149576B1-9947-4BE0-9008-DFFD0DA36E00} = {149576B1-9947-4BE0-9008-DFFD0DA36E00}
	EndProjectSection
EndProject
Project("{2150E333-8FDC-42A3-9474-1A3956D46DE8}") = "Packages", "Packages", "{C23FB215-D2F6-454D-BD08-7736562CDFB3}"
EndProject
Project("{2150E333-8FDC-42A3-9474-1A3956D46DE8}") = "Runtime", "Runtime", "{7514A72C-6BC5-431A-920F-55B62413EAC8}"
EndProject
Project("{2150E333-8FDC-42A3-9474-1A3956D46DE8}") = "Rules", "Rules", "{39A1F4F4-327E-4A76-9D91-A143DD21C6F4}"
EndProject
Project("{2150E333-8FDC-42A3-9474-1A3956D46DE8}") = "Fakes", "Fakes", "{5B002126-170A-41D4-B4BC-F5ED12FBD09D}"
EndProject
Project("{2150E333-8FDC-42A3-9474-1A3956D46DE8}") = "Automation", "Automation", "{77CAB081-6614-41CD-AE3F-CCFB91AE6506}"
EndProject
Project("{2150E333-8FDC-42A3-9474-1A3956D46DE8}") = "WindowsUx", "WindowsUx", "{809F77B0-82E0-4990-A9A4-4806157385E9}"
EndProject
Project("{2150E333-8FDC-42A3-9474-1A3956D46DE8}") = "WebApi", "WebApi", "{BF507736-04A2-4EAA-82A5-8A64D212F8B2}"
EndProject
Project("{FAE04EC0-301F-11D3-BF4B-00C04F79EFBC}") = "Win32", "AccessibilityInsights.Win32\Win32.csproj", "{608E7EF9-C670-4152-A056-46448E2F1E18}"
EndProject
Project("{FAE04EC0-301F-11D3-BF4B-00C04F79EFBC}") = "Win32Tests", "AccessibilityInsights.Win32Tests\Win32Tests.csproj", "{89B6DFE3-5FC4-461C-8D8A-7382AC89AD28}"
	ProjectSection(ProjectDependencies) = postProject
		{149576B1-9947-4BE0-9008-DFFD0DA36E00} = {149576B1-9947-4BE0-9008-DFFD0DA36E00}
	EndProjectSection
EndProject
Project("{FAE04EC0-301F-11D3-BF4B-00C04F79EFBC}") = "Fakes.Prebuild", "AccessibilityInsights.Fakes.Prebuild\Fakes.Prebuild.csproj", "{149576B1-9947-4BE0-9008-DFFD0DA36E00}"
	ProjectSection(ProjectDependencies) = postProject
		{D17E1749-28FE-44B9-A9F6-AF8985124FE4} = {D17E1749-28FE-44B9-A9F6-AF8985124FE4}
		{58DBF9FE-0029-408F-A8A4-23AE500E938D} = {58DBF9FE-0029-408F-A8A4-23AE500E938D}
	EndProjectSection
EndProject
Project("{2150E333-8FDC-42A3-9474-1A3956D46DE8}") = "Extensions", "Extensions", "{A7D302E8-FBAD-4564-80FF-F5A9BEEAAF76}"
EndProject
Project("{FAE04EC0-301F-11D3-BF4B-00C04F79EFBC}") = "WebApiHost", "AccessibilityInsights.WebApiHost\WebApiHost.csproj", "{69E8527F-F58F-49DB-B483-4261854C73F9}"
EndProject
Project("{FAE04EC0-301F-11D3-BF4B-00C04F79EFBC}") = "WebApiHostTests", "AccessibilityInsights.WebApiHostTests\WebApiHostTests.csproj", "{8ABD048D-E95D-4998-9940-7F103BD9D304}"
	ProjectSection(ProjectDependencies) = postProject
		{149576B1-9947-4BE0-9008-DFFD0DA36E00} = {149576B1-9947-4BE0-9008-DFFD0DA36E00}
	EndProjectSection
EndProject
Project("{FAE04EC0-301F-11D3-BF4B-00C04F79EFBC}") = "Extensions", "AccessibilityInsights.Extensions\Extensions.csproj", "{EAA85D0D-712D-4D85-A246-D3C699C6C602}"
	ProjectSection(ProjectDependencies) = postProject
		{608E7EF9-C670-4152-A056-46448E2F1E18} = {608E7EF9-C670-4152-A056-46448E2F1E18}
	EndProjectSection
EndProject
Project("{FAE04EC0-301F-11D3-BF4B-00C04F79EFBC}") = "RuleSelectionTests", "AccessibilityInsights.RuleSelectionTests\RuleSelectionTests.csproj", "{885E4A4A-CFCA-4F31-986E-AD04A8B60B60}"
EndProject
Project("{FAE04EC0-301F-11D3-BF4B-00C04F79EFBC}") = "Extensions.GitHubAutoUpdate", "AccessibilityInsights.Extensions.GitHubAutoUpdate\Extensions.GitHubAutoUpdate.csproj", "{80165CCC-6D76-4590-A16B-1790A35B08E4}"
EndProject
Project("{FAE04EC0-301F-11D3-BF4B-00C04F79EFBC}") = "Extensions.GitHubAutoUpdateUnitTests", "AccessibilityInsights.Extensions.GitHubAutoUpdateUnitTests\Extensions.GitHubAutoUpdateUnitTests.csproj", "{7199C6A9-DD07-46A2-8D89-8458968C0897}"
EndProject
Project("{FAE04EC0-301F-11D3-BF4B-00C04F79EFBC}") = "Extensions.TelemetryTests", "AccessibilityInsights.Extensions.TelemetryTests\Extensions.TelemetryTests.csproj", "{53A83593-015F-460A-9797-D910CB997E62}"
	ProjectSection(ProjectDependencies) = postProject
		{149576B1-9947-4BE0-9008-DFFD0DA36E00} = {149576B1-9947-4BE0-9008-DFFD0DA36E00}
	EndProjectSection
EndProject
Project("{FAE04EC0-301F-11D3-BF4B-00C04F79EFBC}") = "Extensions.AutoUpdate", "AccessibilityInsights.Extensions.AutoUpdate\Extensions.AutoUpdate.csproj", "{BBDB2193-7738-4E6D-8061-1DAA64FCCBB0}"
EndProject
Project("{FAE04EC0-301F-11D3-BF4B-00C04F79EFBC}") = "ExtensionsTests", "AccessibilityInsights.ExtensionsTests\ExtensionsTests.csproj", "{BE9F7E62-D9D6-4FC7-B449-820899498621}"
EndProject
Global
	GlobalSection(SolutionConfigurationPlatforms) = preSolution
		Debug|Any CPU = Debug|Any CPU
		Debug|x64 = Debug|x64
		Debug|x86 = Debug|x86
		Release|Any CPU = Release|Any CPU
		Release|x64 = Release|x64
		Release|x86 = Release|x86
	EndGlobalSection
	GlobalSection(ProjectConfigurationPlatforms) = postSolution
		{0B9855FD-7B04-415C-A813-DA9697693FDA}.Debug|Any CPU.ActiveCfg = Debug|Any CPU
		{0B9855FD-7B04-415C-A813-DA9697693FDA}.Debug|Any CPU.Build.0 = Debug|Any CPU
		{0B9855FD-7B04-415C-A813-DA9697693FDA}.Debug|x64.ActiveCfg = Debug|Any CPU
		{0B9855FD-7B04-415C-A813-DA9697693FDA}.Debug|x64.Build.0 = Debug|Any CPU
		{0B9855FD-7B04-415C-A813-DA9697693FDA}.Debug|x86.ActiveCfg = Debug|Any CPU
		{0B9855FD-7B04-415C-A813-DA9697693FDA}.Debug|x86.Build.0 = Debug|Any CPU
		{0B9855FD-7B04-415C-A813-DA9697693FDA}.Release|Any CPU.ActiveCfg = Release|Any CPU
		{0B9855FD-7B04-415C-A813-DA9697693FDA}.Release|Any CPU.Build.0 = Release|Any CPU
		{0B9855FD-7B04-415C-A813-DA9697693FDA}.Release|x64.ActiveCfg = Release|Any CPU
		{0B9855FD-7B04-415C-A813-DA9697693FDA}.Release|x64.Build.0 = Release|Any CPU
		{0B9855FD-7B04-415C-A813-DA9697693FDA}.Release|x86.ActiveCfg = Release|Any CPU
		{0B9855FD-7B04-415C-A813-DA9697693FDA}.Release|x86.Build.0 = Release|Any CPU
		{2DA36FA6-4FF8-4DB4-AA7E-2F1CACAE6E35}.Debug|Any CPU.ActiveCfg = Debug|Any CPU
		{2DA36FA6-4FF8-4DB4-AA7E-2F1CACAE6E35}.Debug|Any CPU.Build.0 = Debug|Any CPU
		{2DA36FA6-4FF8-4DB4-AA7E-2F1CACAE6E35}.Debug|x64.ActiveCfg = Debug|Any CPU
		{2DA36FA6-4FF8-4DB4-AA7E-2F1CACAE6E35}.Debug|x64.Build.0 = Debug|Any CPU
		{2DA36FA6-4FF8-4DB4-AA7E-2F1CACAE6E35}.Debug|x86.ActiveCfg = Debug|Any CPU
		{2DA36FA6-4FF8-4DB4-AA7E-2F1CACAE6E35}.Debug|x86.Build.0 = Debug|Any CPU
		{2DA36FA6-4FF8-4DB4-AA7E-2F1CACAE6E35}.Release|Any CPU.ActiveCfg = Release|Any CPU
		{2DA36FA6-4FF8-4DB4-AA7E-2F1CACAE6E35}.Release|Any CPU.Build.0 = Release|Any CPU
		{2DA36FA6-4FF8-4DB4-AA7E-2F1CACAE6E35}.Release|x64.ActiveCfg = Release|Any CPU
		{2DA36FA6-4FF8-4DB4-AA7E-2F1CACAE6E35}.Release|x64.Build.0 = Release|Any CPU
		{2DA36FA6-4FF8-4DB4-AA7E-2F1CACAE6E35}.Release|x86.ActiveCfg = Release|Any CPU
		{2DA36FA6-4FF8-4DB4-AA7E-2F1CACAE6E35}.Release|x86.Build.0 = Release|Any CPU
		{AB9E59B6-54CE-4F5D-8055-8AD6745F3B84}.Debug|Any CPU.ActiveCfg = Debug|Any CPU
		{AB9E59B6-54CE-4F5D-8055-8AD6745F3B84}.Debug|Any CPU.Build.0 = Debug|Any CPU
		{AB9E59B6-54CE-4F5D-8055-8AD6745F3B84}.Debug|x64.ActiveCfg = Debug|Any CPU
		{AB9E59B6-54CE-4F5D-8055-8AD6745F3B84}.Debug|x64.Build.0 = Debug|Any CPU
		{AB9E59B6-54CE-4F5D-8055-8AD6745F3B84}.Debug|x86.ActiveCfg = Debug|Any CPU
		{AB9E59B6-54CE-4F5D-8055-8AD6745F3B84}.Debug|x86.Build.0 = Debug|Any CPU
		{AB9E59B6-54CE-4F5D-8055-8AD6745F3B84}.Release|Any CPU.ActiveCfg = Release|Any CPU
		{AB9E59B6-54CE-4F5D-8055-8AD6745F3B84}.Release|Any CPU.Build.0 = Release|Any CPU
		{AB9E59B6-54CE-4F5D-8055-8AD6745F3B84}.Release|x64.ActiveCfg = Release|Any CPU
		{AB9E59B6-54CE-4F5D-8055-8AD6745F3B84}.Release|x64.Build.0 = Release|Any CPU
		{AB9E59B6-54CE-4F5D-8055-8AD6745F3B84}.Release|x86.ActiveCfg = Release|Any CPU
		{AB9E59B6-54CE-4F5D-8055-8AD6745F3B84}.Release|x86.Build.0 = Release|Any CPU
		{F595A9C3-E625-40C9-82A5-79F05804F535}.Debug|Any CPU.ActiveCfg = Debug|Any CPU
		{F595A9C3-E625-40C9-82A5-79F05804F535}.Debug|Any CPU.Build.0 = Debug|Any CPU
		{F595A9C3-E625-40C9-82A5-79F05804F535}.Debug|x64.ActiveCfg = Debug|Any CPU
		{F595A9C3-E625-40C9-82A5-79F05804F535}.Debug|x64.Build.0 = Debug|Any CPU
		{F595A9C3-E625-40C9-82A5-79F05804F535}.Debug|x86.ActiveCfg = Debug|Any CPU
		{F595A9C3-E625-40C9-82A5-79F05804F535}.Debug|x86.Build.0 = Debug|Any CPU
		{F595A9C3-E625-40C9-82A5-79F05804F535}.Release|Any CPU.ActiveCfg = Release|Any CPU
		{F595A9C3-E625-40C9-82A5-79F05804F535}.Release|Any CPU.Build.0 = Release|Any CPU
		{F595A9C3-E625-40C9-82A5-79F05804F535}.Release|x64.ActiveCfg = Release|Any CPU
		{F595A9C3-E625-40C9-82A5-79F05804F535}.Release|x64.Build.0 = Release|Any CPU
		{F595A9C3-E625-40C9-82A5-79F05804F535}.Release|x86.ActiveCfg = Release|Any CPU
		{F595A9C3-E625-40C9-82A5-79F05804F535}.Release|x86.Build.0 = Release|Any CPU
		{BD29FE9B-6FB1-4141-92A5-34C4CAED8274}.Debug|Any CPU.ActiveCfg = Debug|Any CPU
		{BD29FE9B-6FB1-4141-92A5-34C4CAED8274}.Debug|Any CPU.Build.0 = Debug|Any CPU
		{BD29FE9B-6FB1-4141-92A5-34C4CAED8274}.Debug|x64.ActiveCfg = Debug|Any CPU
		{BD29FE9B-6FB1-4141-92A5-34C4CAED8274}.Debug|x64.Build.0 = Debug|Any CPU
		{BD29FE9B-6FB1-4141-92A5-34C4CAED8274}.Debug|x86.ActiveCfg = Debug|Any CPU
		{BD29FE9B-6FB1-4141-92A5-34C4CAED8274}.Debug|x86.Build.0 = Debug|Any CPU
		{BD29FE9B-6FB1-4141-92A5-34C4CAED8274}.Release|Any CPU.ActiveCfg = Release|Any CPU
		{BD29FE9B-6FB1-4141-92A5-34C4CAED8274}.Release|Any CPU.Build.0 = Release|Any CPU
		{BD29FE9B-6FB1-4141-92A5-34C4CAED8274}.Release|x64.ActiveCfg = Release|Any CPU
		{BD29FE9B-6FB1-4141-92A5-34C4CAED8274}.Release|x64.Build.0 = Release|Any CPU
		{BD29FE9B-6FB1-4141-92A5-34C4CAED8274}.Release|x86.ActiveCfg = Release|Any CPU
		{BD29FE9B-6FB1-4141-92A5-34C4CAED8274}.Release|x86.Build.0 = Release|Any CPU
		{137DB774-6464-48BC-B577-091ABEAF0178}.Debug|Any CPU.ActiveCfg = Debug|x86
		{137DB774-6464-48BC-B577-091ABEAF0178}.Debug|x64.ActiveCfg = Debug|x86
		{137DB774-6464-48BC-B577-091ABEAF0178}.Debug|x86.ActiveCfg = Debug|x86
		{137DB774-6464-48BC-B577-091ABEAF0178}.Release|Any CPU.ActiveCfg = Release|x86
		{137DB774-6464-48BC-B577-091ABEAF0178}.Release|x64.ActiveCfg = Release|x86
		{137DB774-6464-48BC-B577-091ABEAF0178}.Release|x86.ActiveCfg = Release|x86
		{137DB774-6464-48BC-B577-091ABEAF0178}.Release|x86.Build.0 = Release|x86
		{D17E1749-28FE-44B9-A9F6-AF8985124FE4}.Debug|Any CPU.ActiveCfg = Debug|Any CPU
		{D17E1749-28FE-44B9-A9F6-AF8985124FE4}.Debug|Any CPU.Build.0 = Debug|Any CPU
		{D17E1749-28FE-44B9-A9F6-AF8985124FE4}.Debug|x64.ActiveCfg = Debug|Any CPU
		{D17E1749-28FE-44B9-A9F6-AF8985124FE4}.Debug|x64.Build.0 = Debug|Any CPU
		{D17E1749-28FE-44B9-A9F6-AF8985124FE4}.Debug|x86.ActiveCfg = Debug|Any CPU
		{D17E1749-28FE-44B9-A9F6-AF8985124FE4}.Debug|x86.Build.0 = Debug|Any CPU
		{D17E1749-28FE-44B9-A9F6-AF8985124FE4}.Release|Any CPU.ActiveCfg = Release|Any CPU
		{D17E1749-28FE-44B9-A9F6-AF8985124FE4}.Release|Any CPU.Build.0 = Release|Any CPU
		{D17E1749-28FE-44B9-A9F6-AF8985124FE4}.Release|x64.ActiveCfg = Release|Any CPU
		{D17E1749-28FE-44B9-A9F6-AF8985124FE4}.Release|x64.Build.0 = Release|Any CPU
		{D17E1749-28FE-44B9-A9F6-AF8985124FE4}.Release|x86.ActiveCfg = Release|Any CPU
		{D17E1749-28FE-44B9-A9F6-AF8985124FE4}.Release|x86.Build.0 = Release|Any CPU
		{B2FA5150-470A-4864-A191-7BCAE39DF35A}.Debug|Any CPU.ActiveCfg = Debug|Any CPU
		{B2FA5150-470A-4864-A191-7BCAE39DF35A}.Debug|Any CPU.Build.0 = Debug|Any CPU
		{B2FA5150-470A-4864-A191-7BCAE39DF35A}.Debug|x64.ActiveCfg = Debug|Any CPU
		{B2FA5150-470A-4864-A191-7BCAE39DF35A}.Debug|x64.Build.0 = Debug|Any CPU
		{B2FA5150-470A-4864-A191-7BCAE39DF35A}.Debug|x86.ActiveCfg = Debug|Any CPU
		{B2FA5150-470A-4864-A191-7BCAE39DF35A}.Debug|x86.Build.0 = Debug|Any CPU
		{B2FA5150-470A-4864-A191-7BCAE39DF35A}.Release|Any CPU.ActiveCfg = Release|Any CPU
		{B2FA5150-470A-4864-A191-7BCAE39DF35A}.Release|Any CPU.Build.0 = Release|Any CPU
		{B2FA5150-470A-4864-A191-7BCAE39DF35A}.Release|x64.ActiveCfg = Release|Any CPU
		{B2FA5150-470A-4864-A191-7BCAE39DF35A}.Release|x64.Build.0 = Release|Any CPU
		{B2FA5150-470A-4864-A191-7BCAE39DF35A}.Release|x86.ActiveCfg = Release|Any CPU
		{B2FA5150-470A-4864-A191-7BCAE39DF35A}.Release|x86.Build.0 = Release|Any CPU
		{723DDC93-8AB7-403C-9D03-C90B01CAE774}.Debug|Any CPU.ActiveCfg = Debug|Any CPU
		{723DDC93-8AB7-403C-9D03-C90B01CAE774}.Debug|Any CPU.Build.0 = Debug|Any CPU
		{723DDC93-8AB7-403C-9D03-C90B01CAE774}.Debug|x64.ActiveCfg = Debug|Any CPU
		{723DDC93-8AB7-403C-9D03-C90B01CAE774}.Debug|x64.Build.0 = Debug|Any CPU
		{723DDC93-8AB7-403C-9D03-C90B01CAE774}.Debug|x86.ActiveCfg = Debug|Any CPU
		{723DDC93-8AB7-403C-9D03-C90B01CAE774}.Debug|x86.Build.0 = Debug|Any CPU
		{723DDC93-8AB7-403C-9D03-C90B01CAE774}.Release|Any CPU.ActiveCfg = Release|Any CPU
		{723DDC93-8AB7-403C-9D03-C90B01CAE774}.Release|Any CPU.Build.0 = Release|Any CPU
		{723DDC93-8AB7-403C-9D03-C90B01CAE774}.Release|x64.ActiveCfg = Release|Any CPU
		{723DDC93-8AB7-403C-9D03-C90B01CAE774}.Release|x64.Build.0 = Release|Any CPU
		{723DDC93-8AB7-403C-9D03-C90B01CAE774}.Release|x86.ActiveCfg = Release|Any CPU
		{723DDC93-8AB7-403C-9D03-C90B01CAE774}.Release|x86.Build.0 = Release|Any CPU
		{5E06484C-A156-46D7-830B-68275ED64F44}.Debug|Any CPU.ActiveCfg = Debug|Any CPU
		{5E06484C-A156-46D7-830B-68275ED64F44}.Debug|Any CPU.Build.0 = Debug|Any CPU
		{5E06484C-A156-46D7-830B-68275ED64F44}.Debug|x64.ActiveCfg = Debug|Any CPU
		{5E06484C-A156-46D7-830B-68275ED64F44}.Debug|x64.Build.0 = Debug|Any CPU
		{5E06484C-A156-46D7-830B-68275ED64F44}.Debug|x86.ActiveCfg = Debug|Any CPU
		{5E06484C-A156-46D7-830B-68275ED64F44}.Debug|x86.Build.0 = Debug|Any CPU
		{5E06484C-A156-46D7-830B-68275ED64F44}.Release|Any CPU.ActiveCfg = Release|Any CPU
		{5E06484C-A156-46D7-830B-68275ED64F44}.Release|Any CPU.Build.0 = Release|Any CPU
		{5E06484C-A156-46D7-830B-68275ED64F44}.Release|x64.ActiveCfg = Release|Any CPU
		{5E06484C-A156-46D7-830B-68275ED64F44}.Release|x64.Build.0 = Release|Any CPU
		{5E06484C-A156-46D7-830B-68275ED64F44}.Release|x86.ActiveCfg = Release|Any CPU
		{5E06484C-A156-46D7-830B-68275ED64F44}.Release|x86.Build.0 = Release|Any CPU
		{31C471C1-2EF1-4FE1-90DC-16D007B87648}.Debug|Any CPU.ActiveCfg = Debug|Any CPU
		{31C471C1-2EF1-4FE1-90DC-16D007B87648}.Debug|Any CPU.Build.0 = Debug|Any CPU
		{31C471C1-2EF1-4FE1-90DC-16D007B87648}.Debug|x64.ActiveCfg = Debug|Any CPU
		{31C471C1-2EF1-4FE1-90DC-16D007B87648}.Debug|x64.Build.0 = Debug|Any CPU
		{31C471C1-2EF1-4FE1-90DC-16D007B87648}.Debug|x86.ActiveCfg = Debug|Any CPU
		{31C471C1-2EF1-4FE1-90DC-16D007B87648}.Debug|x86.Build.0 = Debug|Any CPU
		{31C471C1-2EF1-4FE1-90DC-16D007B87648}.Release|Any CPU.ActiveCfg = Release|Any CPU
		{31C471C1-2EF1-4FE1-90DC-16D007B87648}.Release|Any CPU.Build.0 = Release|Any CPU
		{31C471C1-2EF1-4FE1-90DC-16D007B87648}.Release|x64.ActiveCfg = Release|Any CPU
		{31C471C1-2EF1-4FE1-90DC-16D007B87648}.Release|x64.Build.0 = Release|Any CPU
		{31C471C1-2EF1-4FE1-90DC-16D007B87648}.Release|x86.ActiveCfg = Release|Any CPU
		{31C471C1-2EF1-4FE1-90DC-16D007B87648}.Release|x86.Build.0 = Release|Any CPU
		{58DBF9FE-0029-408F-A8A4-23AE500E938D}.Debug|Any CPU.ActiveCfg = Debug|Any CPU
		{58DBF9FE-0029-408F-A8A4-23AE500E938D}.Debug|Any CPU.Build.0 = Debug|Any CPU
		{58DBF9FE-0029-408F-A8A4-23AE500E938D}.Debug|x64.ActiveCfg = Debug|Any CPU
		{58DBF9FE-0029-408F-A8A4-23AE500E938D}.Debug|x64.Build.0 = Debug|Any CPU
		{58DBF9FE-0029-408F-A8A4-23AE500E938D}.Debug|x86.ActiveCfg = Debug|Any CPU
		{58DBF9FE-0029-408F-A8A4-23AE500E938D}.Debug|x86.Build.0 = Debug|Any CPU
		{58DBF9FE-0029-408F-A8A4-23AE500E938D}.Release|Any CPU.ActiveCfg = Release|Any CPU
		{58DBF9FE-0029-408F-A8A4-23AE500E938D}.Release|Any CPU.Build.0 = Release|Any CPU
		{58DBF9FE-0029-408F-A8A4-23AE500E938D}.Release|x64.ActiveCfg = Release|Any CPU
		{58DBF9FE-0029-408F-A8A4-23AE500E938D}.Release|x64.Build.0 = Release|Any CPU
		{58DBF9FE-0029-408F-A8A4-23AE500E938D}.Release|x86.ActiveCfg = Release|Any CPU
		{58DBF9FE-0029-408F-A8A4-23AE500E938D}.Release|x86.Build.0 = Release|Any CPU
		{723F3286-D001-4CB1-9F4D-29EF6B894877}.Debug|Any CPU.ActiveCfg = Debug|Any CPU
		{723F3286-D001-4CB1-9F4D-29EF6B894877}.Debug|Any CPU.Build.0 = Debug|Any CPU
		{723F3286-D001-4CB1-9F4D-29EF6B894877}.Debug|x64.ActiveCfg = Debug|Any CPU
		{723F3286-D001-4CB1-9F4D-29EF6B894877}.Debug|x64.Build.0 = Debug|Any CPU
		{723F3286-D001-4CB1-9F4D-29EF6B894877}.Debug|x86.ActiveCfg = Debug|Any CPU
		{723F3286-D001-4CB1-9F4D-29EF6B894877}.Debug|x86.Build.0 = Debug|Any CPU
		{723F3286-D001-4CB1-9F4D-29EF6B894877}.Release|Any CPU.ActiveCfg = Release|Any CPU
		{723F3286-D001-4CB1-9F4D-29EF6B894877}.Release|Any CPU.Build.0 = Release|Any CPU
		{723F3286-D001-4CB1-9F4D-29EF6B894877}.Release|x64.ActiveCfg = Release|Any CPU
		{723F3286-D001-4CB1-9F4D-29EF6B894877}.Release|x64.Build.0 = Release|Any CPU
		{723F3286-D001-4CB1-9F4D-29EF6B894877}.Release|x86.ActiveCfg = Release|Any CPU
		{723F3286-D001-4CB1-9F4D-29EF6B894877}.Release|x86.Build.0 = Release|Any CPU
		{32273060-8BBE-4BB6-9198-50F9C680BE60}.Debug|Any CPU.ActiveCfg = Debug|Any CPU
		{32273060-8BBE-4BB6-9198-50F9C680BE60}.Debug|Any CPU.Build.0 = Debug|Any CPU
		{32273060-8BBE-4BB6-9198-50F9C680BE60}.Debug|x64.ActiveCfg = Debug|Any CPU
		{32273060-8BBE-4BB6-9198-50F9C680BE60}.Debug|x64.Build.0 = Debug|Any CPU
		{32273060-8BBE-4BB6-9198-50F9C680BE60}.Debug|x86.ActiveCfg = Debug|Any CPU
		{32273060-8BBE-4BB6-9198-50F9C680BE60}.Debug|x86.Build.0 = Debug|Any CPU
		{32273060-8BBE-4BB6-9198-50F9C680BE60}.Release|Any CPU.ActiveCfg = Release|Any CPU
		{32273060-8BBE-4BB6-9198-50F9C680BE60}.Release|Any CPU.Build.0 = Release|Any CPU
		{32273060-8BBE-4BB6-9198-50F9C680BE60}.Release|x64.ActiveCfg = Release|Any CPU
		{32273060-8BBE-4BB6-9198-50F9C680BE60}.Release|x64.Build.0 = Release|Any CPU
		{32273060-8BBE-4BB6-9198-50F9C680BE60}.Release|x86.ActiveCfg = Release|Any CPU
		{32273060-8BBE-4BB6-9198-50F9C680BE60}.Release|x86.Build.0 = Release|Any CPU
		{7FE58829-560E-4142-BF81-291A66D3844B}.Debug|Any CPU.ActiveCfg = Debug|Any CPU
		{7FE58829-560E-4142-BF81-291A66D3844B}.Debug|Any CPU.Build.0 = Debug|Any CPU
		{7FE58829-560E-4142-BF81-291A66D3844B}.Debug|x64.ActiveCfg = Debug|Any CPU
		{7FE58829-560E-4142-BF81-291A66D3844B}.Debug|x64.Build.0 = Debug|Any CPU
		{7FE58829-560E-4142-BF81-291A66D3844B}.Debug|x86.ActiveCfg = Debug|Any CPU
		{7FE58829-560E-4142-BF81-291A66D3844B}.Debug|x86.Build.0 = Debug|Any CPU
		{7FE58829-560E-4142-BF81-291A66D3844B}.Release|Any CPU.ActiveCfg = Release|Any CPU
		{7FE58829-560E-4142-BF81-291A66D3844B}.Release|Any CPU.Build.0 = Release|Any CPU
		{7FE58829-560E-4142-BF81-291A66D3844B}.Release|x64.ActiveCfg = Release|Any CPU
		{7FE58829-560E-4142-BF81-291A66D3844B}.Release|x64.Build.0 = Release|Any CPU
		{7FE58829-560E-4142-BF81-291A66D3844B}.Release|x86.ActiveCfg = Release|Any CPU
		{7FE58829-560E-4142-BF81-291A66D3844B}.Release|x86.Build.0 = Release|Any CPU
		{EB28AA55-C07A-4EE4-AAAE-49338F3590A6}.Debug|Any CPU.ActiveCfg = Debug|Any CPU
		{EB28AA55-C07A-4EE4-AAAE-49338F3590A6}.Debug|Any CPU.Build.0 = Debug|Any CPU
		{EB28AA55-C07A-4EE4-AAAE-49338F3590A6}.Debug|x64.ActiveCfg = Debug|Any CPU
		{EB28AA55-C07A-4EE4-AAAE-49338F3590A6}.Debug|x64.Build.0 = Debug|Any CPU
		{EB28AA55-C07A-4EE4-AAAE-49338F3590A6}.Debug|x86.ActiveCfg = Debug|Any CPU
		{EB28AA55-C07A-4EE4-AAAE-49338F3590A6}.Debug|x86.Build.0 = Debug|Any CPU
		{EB28AA55-C07A-4EE4-AAAE-49338F3590A6}.Release|Any CPU.ActiveCfg = Release|Any CPU
		{EB28AA55-C07A-4EE4-AAAE-49338F3590A6}.Release|Any CPU.Build.0 = Release|Any CPU
		{EB28AA55-C07A-4EE4-AAAE-49338F3590A6}.Release|x64.ActiveCfg = Release|Any CPU
		{EB28AA55-C07A-4EE4-AAAE-49338F3590A6}.Release|x64.Build.0 = Release|Any CPU
		{EB28AA55-C07A-4EE4-AAAE-49338F3590A6}.Release|x86.ActiveCfg = Release|Any CPU
		{EB28AA55-C07A-4EE4-AAAE-49338F3590A6}.Release|x86.Build.0 = Release|Any CPU
		{AB7195E3-A01D-4708-87AF-08E9418AE33F}.Debug|Any CPU.ActiveCfg = Debug|Any CPU
		{AB7195E3-A01D-4708-87AF-08E9418AE33F}.Debug|Any CPU.Build.0 = Debug|Any CPU
		{AB7195E3-A01D-4708-87AF-08E9418AE33F}.Debug|x64.ActiveCfg = Debug|Any CPU
		{AB7195E3-A01D-4708-87AF-08E9418AE33F}.Debug|x64.Build.0 = Debug|Any CPU
		{AB7195E3-A01D-4708-87AF-08E9418AE33F}.Debug|x86.ActiveCfg = Debug|Any CPU
		{AB7195E3-A01D-4708-87AF-08E9418AE33F}.Debug|x86.Build.0 = Debug|Any CPU
		{AB7195E3-A01D-4708-87AF-08E9418AE33F}.Release|Any CPU.ActiveCfg = Release|Any CPU
		{AB7195E3-A01D-4708-87AF-08E9418AE33F}.Release|Any CPU.Build.0 = Release|Any CPU
		{AB7195E3-A01D-4708-87AF-08E9418AE33F}.Release|x64.ActiveCfg = Release|Any CPU
		{AB7195E3-A01D-4708-87AF-08E9418AE33F}.Release|x64.Build.0 = Release|Any CPU
		{AB7195E3-A01D-4708-87AF-08E9418AE33F}.Release|x86.ActiveCfg = Release|Any CPU
		{AB7195E3-A01D-4708-87AF-08E9418AE33F}.Release|x86.Build.0 = Release|Any CPU
		{AE5EC69F-158A-41C8-AD2B-EC7B84D820EF}.Debug|Any CPU.ActiveCfg = Debug|Any CPU
		{AE5EC69F-158A-41C8-AD2B-EC7B84D820EF}.Debug|Any CPU.Build.0 = Debug|Any CPU
		{AE5EC69F-158A-41C8-AD2B-EC7B84D820EF}.Debug|x64.ActiveCfg = Debug|Any CPU
		{AE5EC69F-158A-41C8-AD2B-EC7B84D820EF}.Debug|x64.Build.0 = Debug|Any CPU
		{AE5EC69F-158A-41C8-AD2B-EC7B84D820EF}.Debug|x86.ActiveCfg = Debug|Any CPU
		{AE5EC69F-158A-41C8-AD2B-EC7B84D820EF}.Debug|x86.Build.0 = Debug|Any CPU
		{AE5EC69F-158A-41C8-AD2B-EC7B84D820EF}.Release|Any CPU.ActiveCfg = Release|Any CPU
		{AE5EC69F-158A-41C8-AD2B-EC7B84D820EF}.Release|Any CPU.Build.0 = Release|Any CPU
		{AE5EC69F-158A-41C8-AD2B-EC7B84D820EF}.Release|x64.ActiveCfg = Release|Any CPU
		{AE5EC69F-158A-41C8-AD2B-EC7B84D820EF}.Release|x64.Build.0 = Release|Any CPU
		{AE5EC69F-158A-41C8-AD2B-EC7B84D820EF}.Release|x86.ActiveCfg = Release|Any CPU
		{AE5EC69F-158A-41C8-AD2B-EC7B84D820EF}.Release|x86.Build.0 = Release|Any CPU
		{6DEDB6A2-2D5D-45E9-9B71-8ED6AFD8167C}.Debug|Any CPU.ActiveCfg = Debug|Any CPU
		{6DEDB6A2-2D5D-45E9-9B71-8ED6AFD8167C}.Debug|Any CPU.Build.0 = Debug|Any CPU
		{6DEDB6A2-2D5D-45E9-9B71-8ED6AFD8167C}.Debug|x64.ActiveCfg = Debug|Any CPU
		{6DEDB6A2-2D5D-45E9-9B71-8ED6AFD8167C}.Debug|x64.Build.0 = Debug|Any CPU
		{6DEDB6A2-2D5D-45E9-9B71-8ED6AFD8167C}.Debug|x86.ActiveCfg = Debug|Any CPU
		{6DEDB6A2-2D5D-45E9-9B71-8ED6AFD8167C}.Debug|x86.Build.0 = Debug|Any CPU
		{6DEDB6A2-2D5D-45E9-9B71-8ED6AFD8167C}.Release|Any CPU.ActiveCfg = Release|Any CPU
		{6DEDB6A2-2D5D-45E9-9B71-8ED6AFD8167C}.Release|Any CPU.Build.0 = Release|Any CPU
		{6DEDB6A2-2D5D-45E9-9B71-8ED6AFD8167C}.Release|x64.ActiveCfg = Release|Any CPU
		{6DEDB6A2-2D5D-45E9-9B71-8ED6AFD8167C}.Release|x64.Build.0 = Release|Any CPU
		{6DEDB6A2-2D5D-45E9-9B71-8ED6AFD8167C}.Release|x86.ActiveCfg = Release|Any CPU
		{6DEDB6A2-2D5D-45E9-9B71-8ED6AFD8167C}.Release|x86.Build.0 = Release|Any CPU
		{1E26E004-331B-49DF-88C0-D8780B7566AD}.Debug|Any CPU.ActiveCfg = Debug|Any CPU
		{1E26E004-331B-49DF-88C0-D8780B7566AD}.Debug|Any CPU.Build.0 = Debug|Any CPU
		{1E26E004-331B-49DF-88C0-D8780B7566AD}.Debug|x64.ActiveCfg = Debug|Any CPU
		{1E26E004-331B-49DF-88C0-D8780B7566AD}.Debug|x64.Build.0 = Debug|Any CPU
		{1E26E004-331B-49DF-88C0-D8780B7566AD}.Debug|x86.ActiveCfg = Debug|Any CPU
		{1E26E004-331B-49DF-88C0-D8780B7566AD}.Debug|x86.Build.0 = Debug|Any CPU
		{1E26E004-331B-49DF-88C0-D8780B7566AD}.Release|Any CPU.ActiveCfg = Release|Any CPU
		{1E26E004-331B-49DF-88C0-D8780B7566AD}.Release|Any CPU.Build.0 = Release|Any CPU
		{1E26E004-331B-49DF-88C0-D8780B7566AD}.Release|x64.ActiveCfg = Release|Any CPU
		{1E26E004-331B-49DF-88C0-D8780B7566AD}.Release|x64.Build.0 = Release|Any CPU
		{1E26E004-331B-49DF-88C0-D8780B7566AD}.Release|x86.ActiveCfg = Release|Any CPU
		{1E26E004-331B-49DF-88C0-D8780B7566AD}.Release|x86.Build.0 = Release|Any CPU
		{608E7EF9-C670-4152-A056-46448E2F1E18}.Debug|Any CPU.ActiveCfg = Debug|Any CPU
		{608E7EF9-C670-4152-A056-46448E2F1E18}.Debug|Any CPU.Build.0 = Debug|Any CPU
		{608E7EF9-C670-4152-A056-46448E2F1E18}.Debug|x64.ActiveCfg = Debug|Any CPU
		{608E7EF9-C670-4152-A056-46448E2F1E18}.Debug|x64.Build.0 = Debug|Any CPU
		{608E7EF9-C670-4152-A056-46448E2F1E18}.Debug|x86.ActiveCfg = Debug|Any CPU
		{608E7EF9-C670-4152-A056-46448E2F1E18}.Debug|x86.Build.0 = Debug|Any CPU
		{608E7EF9-C670-4152-A056-46448E2F1E18}.Release|Any CPU.ActiveCfg = Release|Any CPU
		{608E7EF9-C670-4152-A056-46448E2F1E18}.Release|Any CPU.Build.0 = Release|Any CPU
		{608E7EF9-C670-4152-A056-46448E2F1E18}.Release|x64.ActiveCfg = Release|Any CPU
		{608E7EF9-C670-4152-A056-46448E2F1E18}.Release|x64.Build.0 = Release|Any CPU
		{608E7EF9-C670-4152-A056-46448E2F1E18}.Release|x86.ActiveCfg = Release|Any CPU
		{608E7EF9-C670-4152-A056-46448E2F1E18}.Release|x86.Build.0 = Release|Any CPU
		{89B6DFE3-5FC4-461C-8D8A-7382AC89AD28}.Debug|Any CPU.ActiveCfg = Debug|Any CPU
		{89B6DFE3-5FC4-461C-8D8A-7382AC89AD28}.Debug|Any CPU.Build.0 = Debug|Any CPU
		{89B6DFE3-5FC4-461C-8D8A-7382AC89AD28}.Debug|x64.ActiveCfg = Debug|Any CPU
		{89B6DFE3-5FC4-461C-8D8A-7382AC89AD28}.Debug|x64.Build.0 = Debug|Any CPU
		{89B6DFE3-5FC4-461C-8D8A-7382AC89AD28}.Debug|x86.ActiveCfg = Debug|Any CPU
		{89B6DFE3-5FC4-461C-8D8A-7382AC89AD28}.Debug|x86.Build.0 = Debug|Any CPU
		{89B6DFE3-5FC4-461C-8D8A-7382AC89AD28}.Release|Any CPU.ActiveCfg = Release|Any CPU
		{89B6DFE3-5FC4-461C-8D8A-7382AC89AD28}.Release|Any CPU.Build.0 = Release|Any CPU
		{89B6DFE3-5FC4-461C-8D8A-7382AC89AD28}.Release|x64.ActiveCfg = Release|Any CPU
		{89B6DFE3-5FC4-461C-8D8A-7382AC89AD28}.Release|x64.Build.0 = Release|Any CPU
		{89B6DFE3-5FC4-461C-8D8A-7382AC89AD28}.Release|x86.ActiveCfg = Release|Any CPU
		{89B6DFE3-5FC4-461C-8D8A-7382AC89AD28}.Release|x86.Build.0 = Release|Any CPU
		{149576B1-9947-4BE0-9008-DFFD0DA36E00}.Debug|Any CPU.ActiveCfg = Debug|Any CPU
		{149576B1-9947-4BE0-9008-DFFD0DA36E00}.Debug|Any CPU.Build.0 = Debug|Any CPU
		{149576B1-9947-4BE0-9008-DFFD0DA36E00}.Debug|x64.ActiveCfg = Debug|Any CPU
		{149576B1-9947-4BE0-9008-DFFD0DA36E00}.Debug|x64.Build.0 = Debug|Any CPU
		{149576B1-9947-4BE0-9008-DFFD0DA36E00}.Debug|x86.ActiveCfg = Debug|Any CPU
		{149576B1-9947-4BE0-9008-DFFD0DA36E00}.Debug|x86.Build.0 = Debug|Any CPU
		{149576B1-9947-4BE0-9008-DFFD0DA36E00}.Release|Any CPU.ActiveCfg = Release|Any CPU
		{149576B1-9947-4BE0-9008-DFFD0DA36E00}.Release|Any CPU.Build.0 = Release|Any CPU
		{149576B1-9947-4BE0-9008-DFFD0DA36E00}.Release|x64.ActiveCfg = Release|Any CPU
		{149576B1-9947-4BE0-9008-DFFD0DA36E00}.Release|x64.Build.0 = Release|Any CPU
		{149576B1-9947-4BE0-9008-DFFD0DA36E00}.Release|x86.ActiveCfg = Release|Any CPU
		{149576B1-9947-4BE0-9008-DFFD0DA36E00}.Release|x86.Build.0 = Release|Any CPU
		{69E8527F-F58F-49DB-B483-4261854C73F9}.Debug|Any CPU.ActiveCfg = Debug|Any CPU
		{69E8527F-F58F-49DB-B483-4261854C73F9}.Debug|Any CPU.Build.0 = Debug|Any CPU
		{69E8527F-F58F-49DB-B483-4261854C73F9}.Debug|x64.ActiveCfg = Debug|Any CPU
		{69E8527F-F58F-49DB-B483-4261854C73F9}.Debug|x64.Build.0 = Debug|Any CPU
		{69E8527F-F58F-49DB-B483-4261854C73F9}.Debug|x86.ActiveCfg = Debug|Any CPU
		{69E8527F-F58F-49DB-B483-4261854C73F9}.Debug|x86.Build.0 = Debug|Any CPU
		{69E8527F-F58F-49DB-B483-4261854C73F9}.Release|Any CPU.ActiveCfg = Release|Any CPU
		{69E8527F-F58F-49DB-B483-4261854C73F9}.Release|Any CPU.Build.0 = Release|Any CPU
		{69E8527F-F58F-49DB-B483-4261854C73F9}.Release|x64.ActiveCfg = Release|Any CPU
		{69E8527F-F58F-49DB-B483-4261854C73F9}.Release|x64.Build.0 = Release|Any CPU
		{69E8527F-F58F-49DB-B483-4261854C73F9}.Release|x86.ActiveCfg = Release|Any CPU
		{69E8527F-F58F-49DB-B483-4261854C73F9}.Release|x86.Build.0 = Release|Any CPU
		{8ABD048D-E95D-4998-9940-7F103BD9D304}.Debug|Any CPU.ActiveCfg = Debug|Any CPU
		{8ABD048D-E95D-4998-9940-7F103BD9D304}.Debug|Any CPU.Build.0 = Debug|Any CPU
		{8ABD048D-E95D-4998-9940-7F103BD9D304}.Debug|x64.ActiveCfg = Debug|Any CPU
		{8ABD048D-E95D-4998-9940-7F103BD9D304}.Debug|x64.Build.0 = Debug|Any CPU
		{8ABD048D-E95D-4998-9940-7F103BD9D304}.Debug|x86.ActiveCfg = Debug|Any CPU
		{8ABD048D-E95D-4998-9940-7F103BD9D304}.Debug|x86.Build.0 = Debug|Any CPU
		{8ABD048D-E95D-4998-9940-7F103BD9D304}.Release|Any CPU.ActiveCfg = Release|Any CPU
		{8ABD048D-E95D-4998-9940-7F103BD9D304}.Release|Any CPU.Build.0 = Release|Any CPU
		{8ABD048D-E95D-4998-9940-7F103BD9D304}.Release|x64.ActiveCfg = Release|Any CPU
		{8ABD048D-E95D-4998-9940-7F103BD9D304}.Release|x64.Build.0 = Release|Any CPU
		{8ABD048D-E95D-4998-9940-7F103BD9D304}.Release|x86.ActiveCfg = Release|Any CPU
		{8ABD048D-E95D-4998-9940-7F103BD9D304}.Release|x86.Build.0 = Release|Any CPU
		{EAA85D0D-712D-4D85-A246-D3C699C6C602}.Debug|Any CPU.ActiveCfg = Debug|Any CPU
		{EAA85D0D-712D-4D85-A246-D3C699C6C602}.Debug|Any CPU.Build.0 = Debug|Any CPU
		{EAA85D0D-712D-4D85-A246-D3C699C6C602}.Debug|x64.ActiveCfg = Debug|Any CPU
		{EAA85D0D-712D-4D85-A246-D3C699C6C602}.Debug|x64.Build.0 = Debug|Any CPU
		{EAA85D0D-712D-4D85-A246-D3C699C6C602}.Debug|x86.ActiveCfg = Debug|Any CPU
		{EAA85D0D-712D-4D85-A246-D3C699C6C602}.Debug|x86.Build.0 = Debug|Any CPU
		{EAA85D0D-712D-4D85-A246-D3C699C6C602}.Release|Any CPU.ActiveCfg = Release|Any CPU
		{EAA85D0D-712D-4D85-A246-D3C699C6C602}.Release|Any CPU.Build.0 = Release|Any CPU
		{EAA85D0D-712D-4D85-A246-D3C699C6C602}.Release|x64.ActiveCfg = Release|Any CPU
		{EAA85D0D-712D-4D85-A246-D3C699C6C602}.Release|x64.Build.0 = Release|Any CPU
		{EAA85D0D-712D-4D85-A246-D3C699C6C602}.Release|x86.ActiveCfg = Release|Any CPU
		{EAA85D0D-712D-4D85-A246-D3C699C6C602}.Release|x86.Build.0 = Release|Any CPU
		{885E4A4A-CFCA-4F31-986E-AD04A8B60B60}.Debug|Any CPU.ActiveCfg = Debug|Any CPU
		{885E4A4A-CFCA-4F31-986E-AD04A8B60B60}.Debug|Any CPU.Build.0 = Debug|Any CPU
		{885E4A4A-CFCA-4F31-986E-AD04A8B60B60}.Debug|x64.ActiveCfg = Debug|Any CPU
		{885E4A4A-CFCA-4F31-986E-AD04A8B60B60}.Debug|x64.Build.0 = Debug|Any CPU
		{885E4A4A-CFCA-4F31-986E-AD04A8B60B60}.Debug|x86.ActiveCfg = Debug|Any CPU
		{885E4A4A-CFCA-4F31-986E-AD04A8B60B60}.Debug|x86.Build.0 = Debug|Any CPU
		{885E4A4A-CFCA-4F31-986E-AD04A8B60B60}.Release|Any CPU.ActiveCfg = Release|Any CPU
		{885E4A4A-CFCA-4F31-986E-AD04A8B60B60}.Release|Any CPU.Build.0 = Release|Any CPU
		{885E4A4A-CFCA-4F31-986E-AD04A8B60B60}.Release|x64.ActiveCfg = Release|Any CPU
		{885E4A4A-CFCA-4F31-986E-AD04A8B60B60}.Release|x64.Build.0 = Release|Any CPU
		{885E4A4A-CFCA-4F31-986E-AD04A8B60B60}.Release|x86.ActiveCfg = Release|Any CPU
		{885E4A4A-CFCA-4F31-986E-AD04A8B60B60}.Release|x86.Build.0 = Release|Any CPU
		{80165CCC-6D76-4590-A16B-1790A35B08E4}.Debug|Any CPU.ActiveCfg = Debug|Any CPU
		{80165CCC-6D76-4590-A16B-1790A35B08E4}.Debug|Any CPU.Build.0 = Debug|Any CPU
		{80165CCC-6D76-4590-A16B-1790A35B08E4}.Debug|x64.ActiveCfg = Debug|Any CPU
		{80165CCC-6D76-4590-A16B-1790A35B08E4}.Debug|x64.Build.0 = Debug|Any CPU
		{80165CCC-6D76-4590-A16B-1790A35B08E4}.Debug|x86.ActiveCfg = Debug|Any CPU
		{80165CCC-6D76-4590-A16B-1790A35B08E4}.Debug|x86.Build.0 = Debug|Any CPU
		{80165CCC-6D76-4590-A16B-1790A35B08E4}.Release|Any CPU.ActiveCfg = Release|Any CPU
		{80165CCC-6D76-4590-A16B-1790A35B08E4}.Release|Any CPU.Build.0 = Release|Any CPU
		{80165CCC-6D76-4590-A16B-1790A35B08E4}.Release|x64.ActiveCfg = Release|Any CPU
		{80165CCC-6D76-4590-A16B-1790A35B08E4}.Release|x64.Build.0 = Release|Any CPU
		{80165CCC-6D76-4590-A16B-1790A35B08E4}.Release|x86.ActiveCfg = Release|Any CPU
		{80165CCC-6D76-4590-A16B-1790A35B08E4}.Release|x86.Build.0 = Release|Any CPU
		{7199C6A9-DD07-46A2-8D89-8458968C0897}.Debug|Any CPU.ActiveCfg = Debug|Any CPU
		{7199C6A9-DD07-46A2-8D89-8458968C0897}.Debug|Any CPU.Build.0 = Debug|Any CPU
		{7199C6A9-DD07-46A2-8D89-8458968C0897}.Debug|x64.ActiveCfg = Debug|Any CPU
		{7199C6A9-DD07-46A2-8D89-8458968C0897}.Debug|x64.Build.0 = Debug|Any CPU
		{7199C6A9-DD07-46A2-8D89-8458968C0897}.Debug|x86.ActiveCfg = Debug|Any CPU
		{7199C6A9-DD07-46A2-8D89-8458968C0897}.Debug|x86.Build.0 = Debug|Any CPU
		{7199C6A9-DD07-46A2-8D89-8458968C0897}.Release|Any CPU.ActiveCfg = Release|Any CPU
		{7199C6A9-DD07-46A2-8D89-8458968C0897}.Release|Any CPU.Build.0 = Release|Any CPU
		{7199C6A9-DD07-46A2-8D89-8458968C0897}.Release|x64.ActiveCfg = Release|Any CPU
		{7199C6A9-DD07-46A2-8D89-8458968C0897}.Release|x64.Build.0 = Release|Any CPU
		{7199C6A9-DD07-46A2-8D89-8458968C0897}.Release|x86.ActiveCfg = Release|Any CPU
		{7199C6A9-DD07-46A2-8D89-8458968C0897}.Release|x86.Build.0 = Release|Any CPU
		{53A83593-015F-460A-9797-D910CB997E62}.Debug|Any CPU.ActiveCfg = Debug|Any CPU
		{53A83593-015F-460A-9797-D910CB997E62}.Debug|Any CPU.Build.0 = Debug|Any CPU
		{53A83593-015F-460A-9797-D910CB997E62}.Debug|x64.ActiveCfg = Debug|Any CPU
		{53A83593-015F-460A-9797-D910CB997E62}.Debug|x64.Build.0 = Debug|Any CPU
		{53A83593-015F-460A-9797-D910CB997E62}.Debug|x86.ActiveCfg = Debug|Any CPU
		{53A83593-015F-460A-9797-D910CB997E62}.Debug|x86.Build.0 = Debug|Any CPU
		{53A83593-015F-460A-9797-D910CB997E62}.Release|Any CPU.ActiveCfg = Release|Any CPU
		{53A83593-015F-460A-9797-D910CB997E62}.Release|Any CPU.Build.0 = Release|Any CPU
		{53A83593-015F-460A-9797-D910CB997E62}.Release|x64.ActiveCfg = Release|Any CPU
		{53A83593-015F-460A-9797-D910CB997E62}.Release|x64.Build.0 = Release|Any CPU
		{53A83593-015F-460A-9797-D910CB997E62}.Release|x86.ActiveCfg = Release|Any CPU
		{53A83593-015F-460A-9797-D910CB997E62}.Release|x86.Build.0 = Release|Any CPU
		{BBDB2193-7738-4E6D-8061-1DAA64FCCBB0}.Debug|Any CPU.ActiveCfg = Debug|Any CPU
		{BBDB2193-7738-4E6D-8061-1DAA64FCCBB0}.Debug|Any CPU.Build.0 = Debug|Any CPU
		{BBDB2193-7738-4E6D-8061-1DAA64FCCBB0}.Debug|x64.ActiveCfg = Debug|Any CPU
		{BBDB2193-7738-4E6D-8061-1DAA64FCCBB0}.Debug|x64.Build.0 = Debug|Any CPU
		{BBDB2193-7738-4E6D-8061-1DAA64FCCBB0}.Debug|x86.ActiveCfg = Debug|Any CPU
		{BBDB2193-7738-4E6D-8061-1DAA64FCCBB0}.Debug|x86.Build.0 = Debug|Any CPU
		{BBDB2193-7738-4E6D-8061-1DAA64FCCBB0}.Release|Any CPU.ActiveCfg = Release|Any CPU
		{BBDB2193-7738-4E6D-8061-1DAA64FCCBB0}.Release|Any CPU.Build.0 = Release|Any CPU
		{BBDB2193-7738-4E6D-8061-1DAA64FCCBB0}.Release|x64.ActiveCfg = Release|Any CPU
		{BBDB2193-7738-4E6D-8061-1DAA64FCCBB0}.Release|x64.Build.0 = Release|Any CPU
		{BBDB2193-7738-4E6D-8061-1DAA64FCCBB0}.Release|x86.ActiveCfg = Release|Any CPU
		{BBDB2193-7738-4E6D-8061-1DAA64FCCBB0}.Release|x86.Build.0 = Release|Any CPU
		{BE9F7E62-D9D6-4FC7-B449-820899498621}.Debug|Any CPU.ActiveCfg = Debug|Any CPU
		{BE9F7E62-D9D6-4FC7-B449-820899498621}.Debug|Any CPU.Build.0 = Debug|Any CPU
		{BE9F7E62-D9D6-4FC7-B449-820899498621}.Debug|x64.ActiveCfg = Debug|Any CPU
		{BE9F7E62-D9D6-4FC7-B449-820899498621}.Debug|x64.Build.0 = Debug|Any CPU
		{BE9F7E62-D9D6-4FC7-B449-820899498621}.Debug|x86.ActiveCfg = Debug|Any CPU
		{BE9F7E62-D9D6-4FC7-B449-820899498621}.Debug|x86.Build.0 = Debug|Any CPU
		{BE9F7E62-D9D6-4FC7-B449-820899498621}.Release|Any CPU.ActiveCfg = Release|Any CPU
		{BE9F7E62-D9D6-4FC7-B449-820899498621}.Release|Any CPU.Build.0 = Release|Any CPU
		{BE9F7E62-D9D6-4FC7-B449-820899498621}.Release|x64.ActiveCfg = Release|Any CPU
		{BE9F7E62-D9D6-4FC7-B449-820899498621}.Release|x64.Build.0 = Release|Any CPU
		{BE9F7E62-D9D6-4FC7-B449-820899498621}.Release|x86.ActiveCfg = Release|Any CPU
		{BE9F7E62-D9D6-4FC7-B449-820899498621}.Release|x86.Build.0 = Release|Any CPU
	EndGlobalSection
	GlobalSection(SolutionProperties) = preSolution
		HideSolutionNode = FALSE
	EndGlobalSection
	GlobalSection(NestedProjects) = preSolution
		{0B9855FD-7B04-415C-A813-DA9697693FDA} = {7514A72C-6BC5-431A-920F-55B62413EAC8}
		{2DA36FA6-4FF8-4DB4-AA7E-2F1CACAE6E35} = {7514A72C-6BC5-431A-920F-55B62413EAC8}
		{AB9E59B6-54CE-4F5D-8055-8AD6745F3B84} = {7514A72C-6BC5-431A-920F-55B62413EAC8}
		{F595A9C3-E625-40C9-82A5-79F05804F535} = {809F77B0-82E0-4990-A9A4-4806157385E9}
		{BD29FE9B-6FB1-4141-92A5-34C4CAED8274} = {7514A72C-6BC5-431A-920F-55B62413EAC8}
		{137DB774-6464-48BC-B577-091ABEAF0178} = {C23FB215-D2F6-454D-BD08-7736562CDFB3}
		{D17E1749-28FE-44B9-A9F6-AF8985124FE4} = {A7D302E8-FBAD-4564-80FF-F5A9BEEAAF76}
		{B2FA5150-470A-4864-A191-7BCAE39DF35A} = {7514A72C-6BC5-431A-920F-55B62413EAC8}
		{723DDC93-8AB7-403C-9D03-C90B01CAE774} = {809F77B0-82E0-4990-A9A4-4806157385E9}
		{5E06484C-A156-46D7-830B-68275ED64F44} = {809F77B0-82E0-4990-A9A4-4806157385E9}
		{31C471C1-2EF1-4FE1-90DC-16D007B87648} = {7514A72C-6BC5-431A-920F-55B62413EAC8}
		{58DBF9FE-0029-408F-A8A4-23AE500E938D} = {A7D302E8-FBAD-4564-80FF-F5A9BEEAAF76}
		{723F3286-D001-4CB1-9F4D-29EF6B894877} = {A7D302E8-FBAD-4564-80FF-F5A9BEEAAF76}
		{32273060-8BBE-4BB6-9198-50F9C680BE60} = {C23FB215-D2F6-454D-BD08-7736562CDFB3}
		{7FE58829-560E-4142-BF81-291A66D3844B} = {39A1F4F4-327E-4A76-9D91-A143DD21C6F4}
		{EB28AA55-C07A-4EE4-AAAE-49338F3590A6} = {39A1F4F4-327E-4A76-9D91-A143DD21C6F4}
		{AB7195E3-A01D-4708-87AF-08E9418AE33F} = {7514A72C-6BC5-431A-920F-55B62413EAC8}
		{AE5EC69F-158A-41C8-AD2B-EC7B84D820EF} = {77CAB081-6614-41CD-AE3F-CCFB91AE6506}
		{6DEDB6A2-2D5D-45E9-9B71-8ED6AFD8167C} = {77CAB081-6614-41CD-AE3F-CCFB91AE6506}
		{1E26E004-331B-49DF-88C0-D8780B7566AD} = {7514A72C-6BC5-431A-920F-55B62413EAC8}
		{608E7EF9-C670-4152-A056-46448E2F1E18} = {7514A72C-6BC5-431A-920F-55B62413EAC8}
		{89B6DFE3-5FC4-461C-8D8A-7382AC89AD28} = {7514A72C-6BC5-431A-920F-55B62413EAC8}
		{149576B1-9947-4BE0-9008-DFFD0DA36E00} = {5B002126-170A-41D4-B4BC-F5ED12FBD09D}
		{69E8527F-F58F-49DB-B483-4261854C73F9} = {BF507736-04A2-4EAA-82A5-8A64D212F8B2}
		{8ABD048D-E95D-4998-9940-7F103BD9D304} = {BF507736-04A2-4EAA-82A5-8A64D212F8B2}
		{EAA85D0D-712D-4D85-A246-D3C699C6C602} = {A7D302E8-FBAD-4564-80FF-F5A9BEEAAF76}
		{885E4A4A-CFCA-4F31-986E-AD04A8B60B60} = {7514A72C-6BC5-431A-920F-55B62413EAC8}
		{80165CCC-6D76-4590-A16B-1790A35B08E4} = {A7D302E8-FBAD-4564-80FF-F5A9BEEAAF76}
		{7199C6A9-DD07-46A2-8D89-8458968C0897} = {A7D302E8-FBAD-4564-80FF-F5A9BEEAAF76}
		{53A83593-015F-460A-9797-D910CB997E62} = {A7D302E8-FBAD-4564-80FF-F5A9BEEAAF76}
		{BBDB2193-7738-4E6D-8061-1DAA64FCCBB0} = {A7D302E8-FBAD-4564-80FF-F5A9BEEAAF76}
		{BE9F7E62-D9D6-4FC7-B449-820899498621} = {A7D302E8-FBAD-4564-80FF-F5A9BEEAAF76}
	EndGlobalSection
	GlobalSection(ExtensibilityGlobals) = postSolution
		SolutionGuid = {25101A75-9178-4066-B360-E932959B9758}
	EndGlobalSection
	GlobalSection(Performance) = preSolution
		HasPerformanceSessions = true
	EndGlobalSection
	GlobalSection(Performance) = preSolution
		HasPerformanceSessions = true
	EndGlobalSection
	GlobalSection(Performance) = preSolution
		HasPerformanceSessions = true
	EndGlobalSection
	GlobalSection(Performance) = preSolution
		HasPerformanceSessions = true
	EndGlobalSection
	GlobalSection(Performance) = preSolution
		HasPerformanceSessions = true
	EndGlobalSection
EndGlobal
