Microsoft Visual Studio Solution File, Format Version 12.00
# Visual Studio Version 16
VisualStudioVersion = 16.0.30114.105
MinimumVisualStudioVersion = 10.0.40219.1
Project("{9A19103F-16F7-4668-BE54-9A1E7A4F7556}") = "SharedUxTests", "AccessibilityInsights.SharedUxTests\SharedUxTests.csproj", "{F595A9C3-E625-40C9-82A5-79F05804F535}"
EndProject
Project("{930C7802-8A8C-48F9-8165-68863BCCD9DD}") = "MSI", "MSI\MSI.wixproj", "{137DB774-6464-48BC-B577-091ABEAF0178}"
	ProjectSection(ProjectDependencies) = postProject
		{EAA85D0D-712D-4D85-A246-D3C699C6C602} = {EAA85D0D-712D-4D85-A246-D3C699C6C602}
		{01426834-55CE-4942-8445-194E4E1BE22A} = {01426834-55CE-4942-8445-194E4E1BE22A}
		{1D4F9843-B1CB-4CCC-A13A-D132336750F2} = {1D4F9843-B1CB-4CCC-A13A-D132336750F2}
		{D17E1749-28FE-44B9-A9F6-AF8985124FE4} = {D17E1749-28FE-44B9-A9F6-AF8985124FE4}
		{5E06484C-A156-46D7-830B-68275ED64F44} = {5E06484C-A156-46D7-830B-68275ED64F44}
		{EEE9CD52-CA10-41AE-AC6E-98AE4BBDFA2D} = {EEE9CD52-CA10-41AE-AC6E-98AE4BBDFA2D}
		{723DDC93-8AB7-403C-9D03-C90B01CAE774} = {723DDC93-8AB7-403C-9D03-C90B01CAE774}
		{B1DED5B2-FA82-4B17-8E10-7B3B6F6A14FB} = {B1DED5B2-FA82-4B17-8E10-7B3B6F6A14FB}
		{80165CCC-6D76-4590-A16B-1790A35B08E4} = {80165CCC-6D76-4590-A16B-1790A35B08E4}
		{608E7EF9-C670-4152-A056-46448E2F1E18} = {608E7EF9-C670-4152-A056-46448E2F1E18}
		{F421AAFD-D85F-49B8-B95E-CA17718C38DD} = {F421AAFD-D85F-49B8-B95E-CA17718C38DD}
		{58DBF9FE-0029-408F-A8A4-23AE500E938D} = {58DBF9FE-0029-408F-A8A4-23AE500E938D}
	EndProjectSection
EndProject
Project("{9A19103F-16F7-4668-BE54-9A1E7A4F7556}") = "Extensions.Telemetry", "AccessibilityInsights.Extensions.Telemetry\Extensions.Telemetry.csproj", "{D17E1749-28FE-44B9-A9F6-AF8985124FE4}"
EndProject
Project("{9A19103F-16F7-4668-BE54-9A1E7A4F7556}") = "SharedUx", "AccessibilityInsights.SharedUx\SharedUx.csproj", "{723DDC93-8AB7-403C-9D03-C90B01CAE774}"
EndProject
Project("{9A19103F-16F7-4668-BE54-9A1E7A4F7556}") = "AccessibilityInsights", "AccessibilityInsights\AccessibilityInsights.csproj", "{5E06484C-A156-46D7-830B-68275ED64F44}"
EndProject
Project("{9A19103F-16F7-4668-BE54-9A1E7A4F7556}") = "Extensions.AzureDevOps", "AccessibilityInsights.Extensions.AzureDevOps\Extensions.AzureDevOps.csproj", "{58DBF9FE-0029-408F-A8A4-23AE500E938D}"
EndProject
Project("{9A19103F-16F7-4668-BE54-9A1E7A4F7556}") = "Extensions.AzureDevOpsTests", "AccessibilityInsights.Extensions.AzureDevOpsTests\Extensions.AzureDevOpsTests.csproj", "{723F3286-D001-4CB1-9F4D-29EF6B894877}"
EndProject
Project("{2150E333-8FDC-42A3-9474-1A3956D46DE8}") = "Packages", "Packages", "{C23FB215-D2F6-454D-BD08-7736562CDFB3}"
EndProject
Project("{2150E333-8FDC-42A3-9474-1A3956D46DE8}") = "Runtime", "Runtime", "{7514A72C-6BC5-431A-920F-55B62413EAC8}"
EndProject
Project("{2150E333-8FDC-42A3-9474-1A3956D46DE8}") = "WindowsUx", "WindowsUx", "{809F77B0-82E0-4990-A9A4-4806157385E9}"
EndProject
Project("{9A19103F-16F7-4668-BE54-9A1E7A4F7556}") = "Win32", "AccessibilityInsights.Win32\Win32.csproj", "{608E7EF9-C670-4152-A056-46448E2F1E18}"
EndProject
Project("{2150E333-8FDC-42A3-9474-1A3956D46DE8}") = "Extensions", "Extensions", "{A7D302E8-FBAD-4564-80FF-F5A9BEEAAF76}"
EndProject
Project("{9A19103F-16F7-4668-BE54-9A1E7A4F7556}") = "Extensions", "AccessibilityInsights.Extensions\Extensions.csproj", "{EAA85D0D-712D-4D85-A246-D3C699C6C602}"
	ProjectSection(ProjectDependencies) = postProject
		{608E7EF9-C670-4152-A056-46448E2F1E18} = {608E7EF9-C670-4152-A056-46448E2F1E18}
	EndProjectSection
EndProject
Project("{9A19103F-16F7-4668-BE54-9A1E7A4F7556}") = "Extensions.GitHubAutoUpdate", "AccessibilityInsights.Extensions.GitHubAutoUpdate\Extensions.GitHubAutoUpdate.csproj", "{80165CCC-6D76-4590-A16B-1790A35B08E4}"
EndProject
Project("{9A19103F-16F7-4668-BE54-9A1E7A4F7556}") = "Extensions.GitHubAutoUpdateUnitTests", "AccessibilityInsights.Extensions.GitHubAutoUpdateUnitTests\Extensions.GitHubAutoUpdateUnitTests.csproj", "{7199C6A9-DD07-46A2-8D89-8458968C0897}"
EndProject
Project("{9A19103F-16F7-4668-BE54-9A1E7A4F7556}") = "Extensions.TelemetryTests", "AccessibilityInsights.Extensions.TelemetryTests\Extensions.TelemetryTests.csproj", "{53A83593-015F-460A-9797-D910CB997E62}"
EndProject
Project("{9A19103F-16F7-4668-BE54-9A1E7A4F7556}") = "VersionSwitcher", "AccessibilityInsights.VersionSwitcher\VersionSwitcher.csproj", "{1D4F9843-B1CB-4CCC-A13A-D132336750F2}"
	ProjectSection(ProjectDependencies) = postProject
		{608E7EF9-C670-4152-A056-46448E2F1E18} = {608E7EF9-C670-4152-A056-46448E2F1E18}
	EndProjectSection
EndProject
Project("{2150E333-8FDC-42A3-9474-1A3956D46DE8}") = "Setup Tools", "Setup Tools", "{2190F103-4B22-43FE-A047-093356B1007A}"
EndProject
Project("{9A19103F-16F7-4668-BE54-9A1E7A4F7556}") = "SetupLibrary", "AccessibilityInsights.SetupLibrary\SetupLibrary.csproj", "{B1DED5B2-FA82-4B17-8E10-7B3B6F6A14FB}"
EndProject
Project("{9A19103F-16F7-4668-BE54-9A1E7A4F7556}") = "SetupLibraryUnitTests", "AccessibilityInsights.SetupLibraryUnitTests\SetupLibraryUnitTests.csproj", "{F9F353A9-CC0B-4FA4-990E-4390D6A6D825}"
EndProject
Project("{9A19103F-16F7-4668-BE54-9A1E7A4F7556}") = "Extensions.GitHub", "AccessibilityInsights.Extensions.GitHub\Extensions.GitHub.csproj", "{F421AAFD-D85F-49B8-B95E-CA17718C38DD}"
EndProject
Project("{9A19103F-16F7-4668-BE54-9A1E7A4F7556}") = "ExtensionsTests", "AccessibilityInsights.ExtensionsTests\ExtensionsTests.csproj", "{BE9F7E62-D9D6-4FC7-B449-820899498621}"
EndProject
Project("{9A19103F-16F7-4668-BE54-9A1E7A4F7556}") = "Extensions.GitHubUnitTests", "AccessibilityInsights.Extensions.GitHubUnitTests\Extensions.GitHubUnitTests.csproj", "{8CCBEC10-F28B-4330-A351-0B4B900F1169}"
EndProject
Project("{9A19103F-16F7-4668-BE54-9A1E7A4F7556}") = "CommonUxComponents", "AccessibilityInsights.CommonUxComponents\CommonUxComponents.csproj", "{EEE9CD52-CA10-41AE-AC6E-98AE4BBDFA2D}"
EndProject
Project("{9A19103F-16F7-4668-BE54-9A1E7A4F7556}") = "UITests", "UITests\UITests.csproj", "{7A7C04EA-8279-4D69-959D-E804DD81BC70}"
EndProject
Project("{FAE04EC0-301F-11D3-BF4B-00C04F79EFBC}") = "CustomActions.Package", "AccessibilityInsights.CustomActions.Package\CustomActions.Package.csproj", "{01426834-55CE-4942-8445-194E4E1BE22A}"
	ProjectSection(ProjectDependencies) = postProject
		{5838601C-D9EB-4198-9608-5F93735A04E4} = {5838601C-D9EB-4198-9608-5F93735A04E4}
		{5E06484C-A156-46D7-830B-68275ED64F44} = {5E06484C-A156-46D7-830B-68275ED64F44}
	EndProjectSection
EndProject
Project("{9A19103F-16F7-4668-BE54-9A1E7A4F7556}") = "CustomActions", "AccessibilityInsights.CustomActions\CustomActions.csproj", "{5838601C-D9EB-4198-9608-5F93735A04E4}"
EndProject
Project("{9A19103F-16F7-4668-BE54-9A1E7A4F7556}") = "CustomActionsUnitTests", "AccessibilityInsights.CustomActionsUnitTests\CustomActionsUnitTests.csproj", "{3AB5DE55-FD68-40C2-A1AC-2F4422C75A5E}"
EndProject
Project("{FAE04EC0-301F-11D3-BF4B-00C04F79EFBC}") = "AccessibilityInsightsUnitTests", "AccessibilityInsightsUnitTests\AccessibilityInsightsUnitTests.csproj", "{757A7A71-E939-43DB-B7D3-4EC30347368B}"
EndProject
Global
	GlobalSection(SolutionConfigurationPlatforms) = preSolution
		Debug|Any CPU = Debug|Any CPU
		Debug|x64 = Debug|x64
		Debug|x86 = Debug|x86
		Release|Any CPU = Release|Any CPU
		Release|x64 = Release|x64
		Release|x86 = Release|x86
		SignedRelease|Any CPU = SignedRelease|Any CPU
		SignedRelease|x64 = SignedRelease|x64
		SignedRelease|x86 = SignedRelease|x86
	EndGlobalSection
	GlobalSection(ProjectConfigurationPlatforms) = postSolution
		{F595A9C3-E625-40C9-82A5-79F05804F535}.Debug|Any CPU.ActiveCfg = Debug|Any CPU
		{F595A9C3-E625-40C9-82A5-79F05804F535}.Debug|Any CPU.Build.0 = Debug|Any CPU
		{F595A9C3-E625-40C9-82A5-79F05804F535}.Debug|x64.ActiveCfg = Debug|Any CPU
		{F595A9C3-E625-40C9-82A5-79F05804F535}.Debug|x64.Build.0 = Debug|Any CPU
		{F595A9C3-E625-40C9-82A5-79F05804F535}.Debug|x86.ActiveCfg = Debug|Any CPU
		{F595A9C3-E625-40C9-82A5-79F05804F535}.Debug|x86.Build.0 = Debug|Any CPU
		{F595A9C3-E625-40C9-82A5-79F05804F535}.Release|Any CPU.ActiveCfg = Release|Any CPU
		{F595A9C3-E625-40C9-82A5-79F05804F535}.Release|Any CPU.Build.0 = Release|Any CPU
		{F595A9C3-E625-40C9-82A5-79F05804F535}.Release|x64.ActiveCfg = Release|Any CPU
		{F595A9C3-E625-40C9-82A5-79F05804F535}.Release|x64.Build.0 = Release|Any CPU
		{F595A9C3-E625-40C9-82A5-79F05804F535}.Release|x86.ActiveCfg = Release|Any CPU
		{F595A9C3-E625-40C9-82A5-79F05804F535}.Release|x86.Build.0 = Release|Any CPU
		{F595A9C3-E625-40C9-82A5-79F05804F535}.SignedRelease|Any CPU.ActiveCfg = Release|Any CPU
		{F595A9C3-E625-40C9-82A5-79F05804F535}.SignedRelease|Any CPU.Build.0 = Release|Any CPU
		{F595A9C3-E625-40C9-82A5-79F05804F535}.SignedRelease|x64.ActiveCfg = Release|Any CPU
		{F595A9C3-E625-40C9-82A5-79F05804F535}.SignedRelease|x64.Build.0 = Release|Any CPU
		{F595A9C3-E625-40C9-82A5-79F05804F535}.SignedRelease|x86.ActiveCfg = Release|Any CPU
		{F595A9C3-E625-40C9-82A5-79F05804F535}.SignedRelease|x86.Build.0 = Release|Any CPU
		{137DB774-6464-48BC-B577-091ABEAF0178}.Debug|Any CPU.ActiveCfg = Debug|x86
		{137DB774-6464-48BC-B577-091ABEAF0178}.Debug|x64.ActiveCfg = Debug|x86
		{137DB774-6464-48BC-B577-091ABEAF0178}.Debug|x86.ActiveCfg = Debug|x86
		{137DB774-6464-48BC-B577-091ABEAF0178}.Release|Any CPU.ActiveCfg = Release|x86
		{137DB774-6464-48BC-B577-091ABEAF0178}.Release|Any CPU.Build.0 = Release|x86
		{137DB774-6464-48BC-B577-091ABEAF0178}.Release|x64.ActiveCfg = Release|x86
		{137DB774-6464-48BC-B577-091ABEAF0178}.Release|x86.ActiveCfg = Release|x86
		{137DB774-6464-48BC-B577-091ABEAF0178}.Release|x86.Build.0 = Release|x86
		{137DB774-6464-48BC-B577-091ABEAF0178}.SignedRelease|Any CPU.ActiveCfg = Release|x86
		{137DB774-6464-48BC-B577-091ABEAF0178}.SignedRelease|x64.ActiveCfg = Release|x86
		{137DB774-6464-48BC-B577-091ABEAF0178}.SignedRelease|x86.ActiveCfg = Release|x86
		{137DB774-6464-48BC-B577-091ABEAF0178}.SignedRelease|x86.Build.0 = Release|x86
		{D17E1749-28FE-44B9-A9F6-AF8985124FE4}.Debug|Any CPU.ActiveCfg = Debug|Any CPU
		{D17E1749-28FE-44B9-A9F6-AF8985124FE4}.Debug|Any CPU.Build.0 = Debug|Any CPU
		{D17E1749-28FE-44B9-A9F6-AF8985124FE4}.Debug|x64.ActiveCfg = Debug|Any CPU
		{D17E1749-28FE-44B9-A9F6-AF8985124FE4}.Debug|x64.Build.0 = Debug|Any CPU
		{D17E1749-28FE-44B9-A9F6-AF8985124FE4}.Debug|x86.ActiveCfg = Debug|Any CPU
		{D17E1749-28FE-44B9-A9F6-AF8985124FE4}.Debug|x86.Build.0 = Debug|Any CPU
		{D17E1749-28FE-44B9-A9F6-AF8985124FE4}.Release|Any CPU.ActiveCfg = Release|Any CPU
		{D17E1749-28FE-44B9-A9F6-AF8985124FE4}.Release|Any CPU.Build.0 = Release|Any CPU
		{D17E1749-28FE-44B9-A9F6-AF8985124FE4}.Release|x64.ActiveCfg = Release|Any CPU
		{D17E1749-28FE-44B9-A9F6-AF8985124FE4}.Release|x64.Build.0 = Release|Any CPU
		{D17E1749-28FE-44B9-A9F6-AF8985124FE4}.Release|x86.ActiveCfg = Release|Any CPU
		{D17E1749-28FE-44B9-A9F6-AF8985124FE4}.Release|x86.Build.0 = Release|Any CPU
		{D17E1749-28FE-44B9-A9F6-AF8985124FE4}.SignedRelease|Any CPU.ActiveCfg = Release|Any CPU
		{D17E1749-28FE-44B9-A9F6-AF8985124FE4}.SignedRelease|Any CPU.Build.0 = Release|Any CPU
		{D17E1749-28FE-44B9-A9F6-AF8985124FE4}.SignedRelease|x64.ActiveCfg = Release|Any CPU
		{D17E1749-28FE-44B9-A9F6-AF8985124FE4}.SignedRelease|x64.Build.0 = Release|Any CPU
		{D17E1749-28FE-44B9-A9F6-AF8985124FE4}.SignedRelease|x86.ActiveCfg = Release|Any CPU
		{D17E1749-28FE-44B9-A9F6-AF8985124FE4}.SignedRelease|x86.Build.0 = Release|Any CPU
		{723DDC93-8AB7-403C-9D03-C90B01CAE774}.Debug|Any CPU.ActiveCfg = Debug|Any CPU
		{723DDC93-8AB7-403C-9D03-C90B01CAE774}.Debug|Any CPU.Build.0 = Debug|Any CPU
		{723DDC93-8AB7-403C-9D03-C90B01CAE774}.Debug|x64.ActiveCfg = Debug|Any CPU
		{723DDC93-8AB7-403C-9D03-C90B01CAE774}.Debug|x64.Build.0 = Debug|Any CPU
		{723DDC93-8AB7-403C-9D03-C90B01CAE774}.Debug|x86.ActiveCfg = Debug|Any CPU
		{723DDC93-8AB7-403C-9D03-C90B01CAE774}.Debug|x86.Build.0 = Debug|Any CPU
		{723DDC93-8AB7-403C-9D03-C90B01CAE774}.Release|Any CPU.ActiveCfg = Release|Any CPU
		{723DDC93-8AB7-403C-9D03-C90B01CAE774}.Release|Any CPU.Build.0 = Release|Any CPU
		{723DDC93-8AB7-403C-9D03-C90B01CAE774}.Release|x64.ActiveCfg = Release|Any CPU
		{723DDC93-8AB7-403C-9D03-C90B01CAE774}.Release|x64.Build.0 = Release|Any CPU
		{723DDC93-8AB7-403C-9D03-C90B01CAE774}.Release|x86.ActiveCfg = Release|Any CPU
		{723DDC93-8AB7-403C-9D03-C90B01CAE774}.Release|x86.Build.0 = Release|Any CPU
		{723DDC93-8AB7-403C-9D03-C90B01CAE774}.SignedRelease|Any CPU.ActiveCfg = Release|Any CPU
		{723DDC93-8AB7-403C-9D03-C90B01CAE774}.SignedRelease|Any CPU.Build.0 = Release|Any CPU
		{723DDC93-8AB7-403C-9D03-C90B01CAE774}.SignedRelease|x64.ActiveCfg = Release|Any CPU
		{723DDC93-8AB7-403C-9D03-C90B01CAE774}.SignedRelease|x64.Build.0 = Release|Any CPU
		{723DDC93-8AB7-403C-9D03-C90B01CAE774}.SignedRelease|x86.ActiveCfg = Release|Any CPU
		{723DDC93-8AB7-403C-9D03-C90B01CAE774}.SignedRelease|x86.Build.0 = Release|Any CPU
		{5E06484C-A156-46D7-830B-68275ED64F44}.Debug|Any CPU.ActiveCfg = Debug|Any CPU
		{5E06484C-A156-46D7-830B-68275ED64F44}.Debug|Any CPU.Build.0 = Debug|Any CPU
		{5E06484C-A156-46D7-830B-68275ED64F44}.Debug|x64.ActiveCfg = Debug|Any CPU
		{5E06484C-A156-46D7-830B-68275ED64F44}.Debug|x64.Build.0 = Debug|Any CPU
		{5E06484C-A156-46D7-830B-68275ED64F44}.Debug|x86.ActiveCfg = Debug|Any CPU
		{5E06484C-A156-46D7-830B-68275ED64F44}.Debug|x86.Build.0 = Debug|Any CPU
		{5E06484C-A156-46D7-830B-68275ED64F44}.Release|Any CPU.ActiveCfg = Release|Any CPU
		{5E06484C-A156-46D7-830B-68275ED64F44}.Release|Any CPU.Build.0 = Release|Any CPU
		{5E06484C-A156-46D7-830B-68275ED64F44}.Release|x64.ActiveCfg = Release|Any CPU
		{5E06484C-A156-46D7-830B-68275ED64F44}.Release|x64.Build.0 = Release|Any CPU
		{5E06484C-A156-46D7-830B-68275ED64F44}.Release|x86.ActiveCfg = Release|Any CPU
		{5E06484C-A156-46D7-830B-68275ED64F44}.Release|x86.Build.0 = Release|Any CPU
		{5E06484C-A156-46D7-830B-68275ED64F44}.SignedRelease|Any CPU.ActiveCfg = Release|Any CPU
		{5E06484C-A156-46D7-830B-68275ED64F44}.SignedRelease|Any CPU.Build.0 = Release|Any CPU
		{5E06484C-A156-46D7-830B-68275ED64F44}.SignedRelease|x64.ActiveCfg = Release|Any CPU
		{5E06484C-A156-46D7-830B-68275ED64F44}.SignedRelease|x64.Build.0 = Release|Any CPU
		{5E06484C-A156-46D7-830B-68275ED64F44}.SignedRelease|x86.ActiveCfg = Release|Any CPU
		{5E06484C-A156-46D7-830B-68275ED64F44}.SignedRelease|x86.Build.0 = Release|Any CPU
		{58DBF9FE-0029-408F-A8A4-23AE500E938D}.Debug|Any CPU.ActiveCfg = Debug|Any CPU
		{58DBF9FE-0029-408F-A8A4-23AE500E938D}.Debug|Any CPU.Build.0 = Debug|Any CPU
		{58DBF9FE-0029-408F-A8A4-23AE500E938D}.Debug|x64.ActiveCfg = Debug|Any CPU
		{58DBF9FE-0029-408F-A8A4-23AE500E938D}.Debug|x64.Build.0 = Debug|Any CPU
		{58DBF9FE-0029-408F-A8A4-23AE500E938D}.Debug|x86.ActiveCfg = Debug|Any CPU
		{58DBF9FE-0029-408F-A8A4-23AE500E938D}.Debug|x86.Build.0 = Debug|Any CPU
		{58DBF9FE-0029-408F-A8A4-23AE500E938D}.Release|Any CPU.ActiveCfg = Release|Any CPU
		{58DBF9FE-0029-408F-A8A4-23AE500E938D}.Release|Any CPU.Build.0 = Release|Any CPU
		{58DBF9FE-0029-408F-A8A4-23AE500E938D}.Release|x64.ActiveCfg = Release|Any CPU
		{58DBF9FE-0029-408F-A8A4-23AE500E938D}.Release|x64.Build.0 = Release|Any CPU
		{58DBF9FE-0029-408F-A8A4-23AE500E938D}.Release|x86.ActiveCfg = Release|Any CPU
		{58DBF9FE-0029-408F-A8A4-23AE500E938D}.Release|x86.Build.0 = Release|Any CPU
		{58DBF9FE-0029-408F-A8A4-23AE500E938D}.SignedRelease|Any CPU.ActiveCfg = Release|Any CPU
		{58DBF9FE-0029-408F-A8A4-23AE500E938D}.SignedRelease|Any CPU.Build.0 = Release|Any CPU
		{58DBF9FE-0029-408F-A8A4-23AE500E938D}.SignedRelease|x64.ActiveCfg = Release|Any CPU
		{58DBF9FE-0029-408F-A8A4-23AE500E938D}.SignedRelease|x64.Build.0 = Release|Any CPU
		{58DBF9FE-0029-408F-A8A4-23AE500E938D}.SignedRelease|x86.ActiveCfg = Release|Any CPU
		{58DBF9FE-0029-408F-A8A4-23AE500E938D}.SignedRelease|x86.Build.0 = Release|Any CPU
		{723F3286-D001-4CB1-9F4D-29EF6B894877}.Debug|Any CPU.ActiveCfg = Debug|Any CPU
		{723F3286-D001-4CB1-9F4D-29EF6B894877}.Debug|Any CPU.Build.0 = Debug|Any CPU
		{723F3286-D001-4CB1-9F4D-29EF6B894877}.Debug|x64.ActiveCfg = Debug|Any CPU
		{723F3286-D001-4CB1-9F4D-29EF6B894877}.Debug|x64.Build.0 = Debug|Any CPU
		{723F3286-D001-4CB1-9F4D-29EF6B894877}.Debug|x86.ActiveCfg = Debug|Any CPU
		{723F3286-D001-4CB1-9F4D-29EF6B894877}.Debug|x86.Build.0 = Debug|Any CPU
		{723F3286-D001-4CB1-9F4D-29EF6B894877}.Release|Any CPU.ActiveCfg = Release|Any CPU
		{723F3286-D001-4CB1-9F4D-29EF6B894877}.Release|Any CPU.Build.0 = Release|Any CPU
		{723F3286-D001-4CB1-9F4D-29EF6B894877}.Release|x64.ActiveCfg = Release|Any CPU
		{723F3286-D001-4CB1-9F4D-29EF6B894877}.Release|x64.Build.0 = Release|Any CPU
		{723F3286-D001-4CB1-9F4D-29EF6B894877}.Release|x86.ActiveCfg = Release|Any CPU
		{723F3286-D001-4CB1-9F4D-29EF6B894877}.Release|x86.Build.0 = Release|Any CPU
		{723F3286-D001-4CB1-9F4D-29EF6B894877}.SignedRelease|Any CPU.ActiveCfg = Release|Any CPU
		{723F3286-D001-4CB1-9F4D-29EF6B894877}.SignedRelease|Any CPU.Build.0 = Release|Any CPU
		{723F3286-D001-4CB1-9F4D-29EF6B894877}.SignedRelease|x64.ActiveCfg = Release|Any CPU
		{723F3286-D001-4CB1-9F4D-29EF6B894877}.SignedRelease|x64.Build.0 = Release|Any CPU
		{723F3286-D001-4CB1-9F4D-29EF6B894877}.SignedRelease|x86.ActiveCfg = Release|Any CPU
		{723F3286-D001-4CB1-9F4D-29EF6B894877}.SignedRelease|x86.Build.0 = Release|Any CPU
		{608E7EF9-C670-4152-A056-46448E2F1E18}.Debug|Any CPU.ActiveCfg = Debug|Any CPU
		{608E7EF9-C670-4152-A056-46448E2F1E18}.Debug|Any CPU.Build.0 = Debug|Any CPU
		{608E7EF9-C670-4152-A056-46448E2F1E18}.Debug|x64.ActiveCfg = Debug|Any CPU
		{608E7EF9-C670-4152-A056-46448E2F1E18}.Debug|x64.Build.0 = Debug|Any CPU
		{608E7EF9-C670-4152-A056-46448E2F1E18}.Debug|x86.ActiveCfg = Debug|Any CPU
		{608E7EF9-C670-4152-A056-46448E2F1E18}.Debug|x86.Build.0 = Debug|Any CPU
		{608E7EF9-C670-4152-A056-46448E2F1E18}.Release|Any CPU.ActiveCfg = Release|Any CPU
		{608E7EF9-C670-4152-A056-46448E2F1E18}.Release|Any CPU.Build.0 = Release|Any CPU
		{608E7EF9-C670-4152-A056-46448E2F1E18}.Release|x64.ActiveCfg = Release|Any CPU
		{608E7EF9-C670-4152-A056-46448E2F1E18}.Release|x64.Build.0 = Release|Any CPU
		{608E7EF9-C670-4152-A056-46448E2F1E18}.Release|x86.ActiveCfg = Release|Any CPU
		{608E7EF9-C670-4152-A056-46448E2F1E18}.Release|x86.Build.0 = Release|Any CPU
		{608E7EF9-C670-4152-A056-46448E2F1E18}.SignedRelease|Any CPU.ActiveCfg = Release|Any CPU
		{608E7EF9-C670-4152-A056-46448E2F1E18}.SignedRelease|Any CPU.Build.0 = Release|Any CPU
		{608E7EF9-C670-4152-A056-46448E2F1E18}.SignedRelease|x64.ActiveCfg = Release|Any CPU
		{608E7EF9-C670-4152-A056-46448E2F1E18}.SignedRelease|x64.Build.0 = Release|Any CPU
		{608E7EF9-C670-4152-A056-46448E2F1E18}.SignedRelease|x86.ActiveCfg = Release|Any CPU
		{608E7EF9-C670-4152-A056-46448E2F1E18}.SignedRelease|x86.Build.0 = Release|Any CPU
		{EAA85D0D-712D-4D85-A246-D3C699C6C602}.Debug|Any CPU.ActiveCfg = Debug|Any CPU
		{EAA85D0D-712D-4D85-A246-D3C699C6C602}.Debug|Any CPU.Build.0 = Debug|Any CPU
		{EAA85D0D-712D-4D85-A246-D3C699C6C602}.Debug|x64.ActiveCfg = Debug|Any CPU
		{EAA85D0D-712D-4D85-A246-D3C699C6C602}.Debug|x64.Build.0 = Debug|Any CPU
		{EAA85D0D-712D-4D85-A246-D3C699C6C602}.Debug|x86.ActiveCfg = Debug|Any CPU
		{EAA85D0D-712D-4D85-A246-D3C699C6C602}.Debug|x86.Build.0 = Debug|Any CPU
		{EAA85D0D-712D-4D85-A246-D3C699C6C602}.Release|Any CPU.ActiveCfg = Release|Any CPU
		{EAA85D0D-712D-4D85-A246-D3C699C6C602}.Release|Any CPU.Build.0 = Release|Any CPU
		{EAA85D0D-712D-4D85-A246-D3C699C6C602}.Release|x64.ActiveCfg = Release|Any CPU
		{EAA85D0D-712D-4D85-A246-D3C699C6C602}.Release|x64.Build.0 = Release|Any CPU
		{EAA85D0D-712D-4D85-A246-D3C699C6C602}.Release|x86.ActiveCfg = Release|Any CPU
		{EAA85D0D-712D-4D85-A246-D3C699C6C602}.Release|x86.Build.0 = Release|Any CPU
		{EAA85D0D-712D-4D85-A246-D3C699C6C602}.SignedRelease|Any CPU.ActiveCfg = Release|Any CPU
		{EAA85D0D-712D-4D85-A246-D3C699C6C602}.SignedRelease|Any CPU.Build.0 = Release|Any CPU
		{EAA85D0D-712D-4D85-A246-D3C699C6C602}.SignedRelease|x64.ActiveCfg = Release|Any CPU
		{EAA85D0D-712D-4D85-A246-D3C699C6C602}.SignedRelease|x64.Build.0 = Release|Any CPU
		{EAA85D0D-712D-4D85-A246-D3C699C6C602}.SignedRelease|x86.ActiveCfg = Release|Any CPU
		{EAA85D0D-712D-4D85-A246-D3C699C6C602}.SignedRelease|x86.Build.0 = Release|Any CPU
		{80165CCC-6D76-4590-A16B-1790A35B08E4}.Debug|Any CPU.ActiveCfg = Debug|Any CPU
		{80165CCC-6D76-4590-A16B-1790A35B08E4}.Debug|Any CPU.Build.0 = Debug|Any CPU
		{80165CCC-6D76-4590-A16B-1790A35B08E4}.Debug|x64.ActiveCfg = Debug|Any CPU
		{80165CCC-6D76-4590-A16B-1790A35B08E4}.Debug|x64.Build.0 = Debug|Any CPU
		{80165CCC-6D76-4590-A16B-1790A35B08E4}.Debug|x86.ActiveCfg = Debug|Any CPU
		{80165CCC-6D76-4590-A16B-1790A35B08E4}.Debug|x86.Build.0 = Debug|Any CPU
		{80165CCC-6D76-4590-A16B-1790A35B08E4}.Release|Any CPU.ActiveCfg = Release|Any CPU
		{80165CCC-6D76-4590-A16B-1790A35B08E4}.Release|Any CPU.Build.0 = Release|Any CPU
		{80165CCC-6D76-4590-A16B-1790A35B08E4}.Release|x64.ActiveCfg = Release|Any CPU
		{80165CCC-6D76-4590-A16B-1790A35B08E4}.Release|x64.Build.0 = Release|Any CPU
		{80165CCC-6D76-4590-A16B-1790A35B08E4}.Release|x86.ActiveCfg = Release|Any CPU
		{80165CCC-6D76-4590-A16B-1790A35B08E4}.Release|x86.Build.0 = Release|Any CPU
		{80165CCC-6D76-4590-A16B-1790A35B08E4}.SignedRelease|Any CPU.ActiveCfg = Release|Any CPU
		{80165CCC-6D76-4590-A16B-1790A35B08E4}.SignedRelease|Any CPU.Build.0 = Release|Any CPU
		{80165CCC-6D76-4590-A16B-1790A35B08E4}.SignedRelease|x64.ActiveCfg = Release|Any CPU
		{80165CCC-6D76-4590-A16B-1790A35B08E4}.SignedRelease|x64.Build.0 = Release|Any CPU
		{80165CCC-6D76-4590-A16B-1790A35B08E4}.SignedRelease|x86.ActiveCfg = Release|Any CPU
		{80165CCC-6D76-4590-A16B-1790A35B08E4}.SignedRelease|x86.Build.0 = Release|Any CPU
		{7199C6A9-DD07-46A2-8D89-8458968C0897}.Debug|Any CPU.ActiveCfg = Debug|Any CPU
		{7199C6A9-DD07-46A2-8D89-8458968C0897}.Debug|Any CPU.Build.0 = Debug|Any CPU
		{7199C6A9-DD07-46A2-8D89-8458968C0897}.Debug|x64.ActiveCfg = Debug|Any CPU
		{7199C6A9-DD07-46A2-8D89-8458968C0897}.Debug|x64.Build.0 = Debug|Any CPU
		{7199C6A9-DD07-46A2-8D89-8458968C0897}.Debug|x86.ActiveCfg = Debug|Any CPU
		{7199C6A9-DD07-46A2-8D89-8458968C0897}.Debug|x86.Build.0 = Debug|Any CPU
		{7199C6A9-DD07-46A2-8D89-8458968C0897}.Release|Any CPU.ActiveCfg = Release|Any CPU
		{7199C6A9-DD07-46A2-8D89-8458968C0897}.Release|Any CPU.Build.0 = Release|Any CPU
		{7199C6A9-DD07-46A2-8D89-8458968C0897}.Release|x64.ActiveCfg = Release|Any CPU
		{7199C6A9-DD07-46A2-8D89-8458968C0897}.Release|x64.Build.0 = Release|Any CPU
		{7199C6A9-DD07-46A2-8D89-8458968C0897}.Release|x86.ActiveCfg = Release|Any CPU
		{7199C6A9-DD07-46A2-8D89-8458968C0897}.Release|x86.Build.0 = Release|Any CPU
		{7199C6A9-DD07-46A2-8D89-8458968C0897}.SignedRelease|Any CPU.ActiveCfg = Release|Any CPU
		{7199C6A9-DD07-46A2-8D89-8458968C0897}.SignedRelease|Any CPU.Build.0 = Release|Any CPU
		{7199C6A9-DD07-46A2-8D89-8458968C0897}.SignedRelease|x64.ActiveCfg = Release|Any CPU
		{7199C6A9-DD07-46A2-8D89-8458968C0897}.SignedRelease|x64.Build.0 = Release|Any CPU
		{7199C6A9-DD07-46A2-8D89-8458968C0897}.SignedRelease|x86.ActiveCfg = Release|Any CPU
		{7199C6A9-DD07-46A2-8D89-8458968C0897}.SignedRelease|x86.Build.0 = Release|Any CPU
		{53A83593-015F-460A-9797-D910CB997E62}.Debug|Any CPU.ActiveCfg = Debug|Any CPU
		{53A83593-015F-460A-9797-D910CB997E62}.Debug|Any CPU.Build.0 = Debug|Any CPU
		{53A83593-015F-460A-9797-D910CB997E62}.Debug|x64.ActiveCfg = Debug|Any CPU
		{53A83593-015F-460A-9797-D910CB997E62}.Debug|x64.Build.0 = Debug|Any CPU
		{53A83593-015F-460A-9797-D910CB997E62}.Debug|x86.ActiveCfg = Debug|Any CPU
		{53A83593-015F-460A-9797-D910CB997E62}.Debug|x86.Build.0 = Debug|Any CPU
		{53A83593-015F-460A-9797-D910CB997E62}.Release|Any CPU.ActiveCfg = Release|Any CPU
		{53A83593-015F-460A-9797-D910CB997E62}.Release|Any CPU.Build.0 = Release|Any CPU
		{53A83593-015F-460A-9797-D910CB997E62}.Release|x64.ActiveCfg = Release|Any CPU
		{53A83593-015F-460A-9797-D910CB997E62}.Release|x64.Build.0 = Release|Any CPU
		{53A83593-015F-460A-9797-D910CB997E62}.Release|x86.ActiveCfg = Release|Any CPU
		{53A83593-015F-460A-9797-D910CB997E62}.Release|x86.Build.0 = Release|Any CPU
		{53A83593-015F-460A-9797-D910CB997E62}.SignedRelease|Any CPU.ActiveCfg = Release|Any CPU
		{53A83593-015F-460A-9797-D910CB997E62}.SignedRelease|Any CPU.Build.0 = Release|Any CPU
		{53A83593-015F-460A-9797-D910CB997E62}.SignedRelease|x64.ActiveCfg = Release|Any CPU
		{53A83593-015F-460A-9797-D910CB997E62}.SignedRelease|x64.Build.0 = Release|Any CPU
		{53A83593-015F-460A-9797-D910CB997E62}.SignedRelease|x86.ActiveCfg = Release|Any CPU
		{53A83593-015F-460A-9797-D910CB997E62}.SignedRelease|x86.Build.0 = Release|Any CPU
		{1D4F9843-B1CB-4CCC-A13A-D132336750F2}.Debug|Any CPU.ActiveCfg = Debug|Any CPU
		{1D4F9843-B1CB-4CCC-A13A-D132336750F2}.Debug|Any CPU.Build.0 = Debug|Any CPU
		{1D4F9843-B1CB-4CCC-A13A-D132336750F2}.Debug|x64.ActiveCfg = Debug|Any CPU
		{1D4F9843-B1CB-4CCC-A13A-D132336750F2}.Debug|x64.Build.0 = Debug|Any CPU
		{1D4F9843-B1CB-4CCC-A13A-D132336750F2}.Debug|x86.ActiveCfg = Debug|Any CPU
		{1D4F9843-B1CB-4CCC-A13A-D132336750F2}.Debug|x86.Build.0 = Debug|Any CPU
		{1D4F9843-B1CB-4CCC-A13A-D132336750F2}.Release|Any CPU.ActiveCfg = Release|Any CPU
		{1D4F9843-B1CB-4CCC-A13A-D132336750F2}.Release|Any CPU.Build.0 = Release|Any CPU
		{1D4F9843-B1CB-4CCC-A13A-D132336750F2}.Release|x64.ActiveCfg = Release|Any CPU
		{1D4F9843-B1CB-4CCC-A13A-D132336750F2}.Release|x64.Build.0 = Release|Any CPU
		{1D4F9843-B1CB-4CCC-A13A-D132336750F2}.Release|x86.ActiveCfg = Release|Any CPU
		{1D4F9843-B1CB-4CCC-A13A-D132336750F2}.Release|x86.Build.0 = Release|Any CPU
		{1D4F9843-B1CB-4CCC-A13A-D132336750F2}.SignedRelease|Any CPU.ActiveCfg = Release|Any CPU
		{1D4F9843-B1CB-4CCC-A13A-D132336750F2}.SignedRelease|Any CPU.Build.0 = Release|Any CPU
		{1D4F9843-B1CB-4CCC-A13A-D132336750F2}.SignedRelease|x64.ActiveCfg = Release|Any CPU
		{1D4F9843-B1CB-4CCC-A13A-D132336750F2}.SignedRelease|x64.Build.0 = Release|Any CPU
		{1D4F9843-B1CB-4CCC-A13A-D132336750F2}.SignedRelease|x86.ActiveCfg = Release|Any CPU
		{1D4F9843-B1CB-4CCC-A13A-D132336750F2}.SignedRelease|x86.Build.0 = Release|Any CPU
		{B1DED5B2-FA82-4B17-8E10-7B3B6F6A14FB}.Debug|Any CPU.ActiveCfg = Debug|Any CPU
		{B1DED5B2-FA82-4B17-8E10-7B3B6F6A14FB}.Debug|Any CPU.Build.0 = Debug|Any CPU
		{B1DED5B2-FA82-4B17-8E10-7B3B6F6A14FB}.Debug|x64.ActiveCfg = Debug|Any CPU
		{B1DED5B2-FA82-4B17-8E10-7B3B6F6A14FB}.Debug|x64.Build.0 = Debug|Any CPU
		{B1DED5B2-FA82-4B17-8E10-7B3B6F6A14FB}.Debug|x86.ActiveCfg = Debug|Any CPU
		{B1DED5B2-FA82-4B17-8E10-7B3B6F6A14FB}.Debug|x86.Build.0 = Debug|Any CPU
		{B1DED5B2-FA82-4B17-8E10-7B3B6F6A14FB}.Release|Any CPU.ActiveCfg = Release|Any CPU
		{B1DED5B2-FA82-4B17-8E10-7B3B6F6A14FB}.Release|Any CPU.Build.0 = Release|Any CPU
		{B1DED5B2-FA82-4B17-8E10-7B3B6F6A14FB}.Release|x64.ActiveCfg = Release|Any CPU
		{B1DED5B2-FA82-4B17-8E10-7B3B6F6A14FB}.Release|x64.Build.0 = Release|Any CPU
		{B1DED5B2-FA82-4B17-8E10-7B3B6F6A14FB}.Release|x86.ActiveCfg = Release|Any CPU
		{B1DED5B2-FA82-4B17-8E10-7B3B6F6A14FB}.Release|x86.Build.0 = Release|Any CPU
		{B1DED5B2-FA82-4B17-8E10-7B3B6F6A14FB}.SignedRelease|Any CPU.ActiveCfg = Release|Any CPU
		{B1DED5B2-FA82-4B17-8E10-7B3B6F6A14FB}.SignedRelease|Any CPU.Build.0 = Release|Any CPU
		{B1DED5B2-FA82-4B17-8E10-7B3B6F6A14FB}.SignedRelease|x64.ActiveCfg = Release|Any CPU
		{B1DED5B2-FA82-4B17-8E10-7B3B6F6A14FB}.SignedRelease|x64.Build.0 = Release|Any CPU
		{B1DED5B2-FA82-4B17-8E10-7B3B6F6A14FB}.SignedRelease|x86.ActiveCfg = Release|Any CPU
		{B1DED5B2-FA82-4B17-8E10-7B3B6F6A14FB}.SignedRelease|x86.Build.0 = Release|Any CPU
		{F9F353A9-CC0B-4FA4-990E-4390D6A6D825}.Debug|Any CPU.ActiveCfg = Debug|Any CPU
		{F9F353A9-CC0B-4FA4-990E-4390D6A6D825}.Debug|Any CPU.Build.0 = Debug|Any CPU
		{F9F353A9-CC0B-4FA4-990E-4390D6A6D825}.Debug|x64.ActiveCfg = Debug|Any CPU
		{F9F353A9-CC0B-4FA4-990E-4390D6A6D825}.Debug|x64.Build.0 = Debug|Any CPU
		{F9F353A9-CC0B-4FA4-990E-4390D6A6D825}.Debug|x86.ActiveCfg = Debug|Any CPU
		{F9F353A9-CC0B-4FA4-990E-4390D6A6D825}.Debug|x86.Build.0 = Debug|Any CPU
		{F9F353A9-CC0B-4FA4-990E-4390D6A6D825}.Release|Any CPU.ActiveCfg = Release|Any CPU
		{F9F353A9-CC0B-4FA4-990E-4390D6A6D825}.Release|Any CPU.Build.0 = Release|Any CPU
		{F9F353A9-CC0B-4FA4-990E-4390D6A6D825}.Release|x64.ActiveCfg = Release|Any CPU
		{F9F353A9-CC0B-4FA4-990E-4390D6A6D825}.Release|x64.Build.0 = Release|Any CPU
		{F9F353A9-CC0B-4FA4-990E-4390D6A6D825}.Release|x86.ActiveCfg = Release|Any CPU
		{F9F353A9-CC0B-4FA4-990E-4390D6A6D825}.Release|x86.Build.0 = Release|Any CPU
		{F9F353A9-CC0B-4FA4-990E-4390D6A6D825}.SignedRelease|Any CPU.ActiveCfg = Release|Any CPU
		{F9F353A9-CC0B-4FA4-990E-4390D6A6D825}.SignedRelease|Any CPU.Build.0 = Release|Any CPU
		{F9F353A9-CC0B-4FA4-990E-4390D6A6D825}.SignedRelease|x64.ActiveCfg = Release|Any CPU
		{F9F353A9-CC0B-4FA4-990E-4390D6A6D825}.SignedRelease|x64.Build.0 = Release|Any CPU
		{F9F353A9-CC0B-4FA4-990E-4390D6A6D825}.SignedRelease|x86.ActiveCfg = Release|Any CPU
		{F9F353A9-CC0B-4FA4-990E-4390D6A6D825}.SignedRelease|x86.Build.0 = Release|Any CPU
		{F421AAFD-D85F-49B8-B95E-CA17718C38DD}.Debug|Any CPU.ActiveCfg = Debug|Any CPU
		{F421AAFD-D85F-49B8-B95E-CA17718C38DD}.Debug|Any CPU.Build.0 = Debug|Any CPU
		{F421AAFD-D85F-49B8-B95E-CA17718C38DD}.Debug|x64.ActiveCfg = Debug|Any CPU
		{F421AAFD-D85F-49B8-B95E-CA17718C38DD}.Debug|x64.Build.0 = Debug|Any CPU
		{F421AAFD-D85F-49B8-B95E-CA17718C38DD}.Debug|x86.ActiveCfg = Debug|Any CPU
		{F421AAFD-D85F-49B8-B95E-CA17718C38DD}.Debug|x86.Build.0 = Debug|Any CPU
		{F421AAFD-D85F-49B8-B95E-CA17718C38DD}.Release|Any CPU.ActiveCfg = Release|Any CPU
		{F421AAFD-D85F-49B8-B95E-CA17718C38DD}.Release|Any CPU.Build.0 = Release|Any CPU
		{F421AAFD-D85F-49B8-B95E-CA17718C38DD}.Release|x64.ActiveCfg = Release|Any CPU
		{F421AAFD-D85F-49B8-B95E-CA17718C38DD}.Release|x64.Build.0 = Release|Any CPU
		{F421AAFD-D85F-49B8-B95E-CA17718C38DD}.Release|x86.ActiveCfg = Release|Any CPU
		{F421AAFD-D85F-49B8-B95E-CA17718C38DD}.Release|x86.Build.0 = Release|Any CPU
		{F421AAFD-D85F-49B8-B95E-CA17718C38DD}.SignedRelease|Any CPU.ActiveCfg = Release|Any CPU
		{F421AAFD-D85F-49B8-B95E-CA17718C38DD}.SignedRelease|Any CPU.Build.0 = Release|Any CPU
		{F421AAFD-D85F-49B8-B95E-CA17718C38DD}.SignedRelease|x64.ActiveCfg = Release|Any CPU
		{F421AAFD-D85F-49B8-B95E-CA17718C38DD}.SignedRelease|x64.Build.0 = Release|Any CPU
		{F421AAFD-D85F-49B8-B95E-CA17718C38DD}.SignedRelease|x86.ActiveCfg = Release|Any CPU
		{F421AAFD-D85F-49B8-B95E-CA17718C38DD}.SignedRelease|x86.Build.0 = Release|Any CPU
		{BE9F7E62-D9D6-4FC7-B449-820899498621}.Debug|Any CPU.ActiveCfg = Debug|Any CPU
		{BE9F7E62-D9D6-4FC7-B449-820899498621}.Debug|Any CPU.Build.0 = Debug|Any CPU
		{BE9F7E62-D9D6-4FC7-B449-820899498621}.Debug|x64.ActiveCfg = Debug|Any CPU
		{BE9F7E62-D9D6-4FC7-B449-820899498621}.Debug|x64.Build.0 = Debug|Any CPU
		{BE9F7E62-D9D6-4FC7-B449-820899498621}.Debug|x86.ActiveCfg = Debug|Any CPU
		{BE9F7E62-D9D6-4FC7-B449-820899498621}.Debug|x86.Build.0 = Debug|Any CPU
		{BE9F7E62-D9D6-4FC7-B449-820899498621}.Release|Any CPU.ActiveCfg = Release|Any CPU
		{BE9F7E62-D9D6-4FC7-B449-820899498621}.Release|Any CPU.Build.0 = Release|Any CPU
		{BE9F7E62-D9D6-4FC7-B449-820899498621}.Release|x64.ActiveCfg = Release|Any CPU
		{BE9F7E62-D9D6-4FC7-B449-820899498621}.Release|x64.Build.0 = Release|Any CPU
		{BE9F7E62-D9D6-4FC7-B449-820899498621}.Release|x86.ActiveCfg = Release|Any CPU
		{BE9F7E62-D9D6-4FC7-B449-820899498621}.Release|x86.Build.0 = Release|Any CPU
		{BE9F7E62-D9D6-4FC7-B449-820899498621}.SignedRelease|Any CPU.ActiveCfg = Release|Any CPU
		{BE9F7E62-D9D6-4FC7-B449-820899498621}.SignedRelease|Any CPU.Build.0 = Release|Any CPU
		{BE9F7E62-D9D6-4FC7-B449-820899498621}.SignedRelease|x64.ActiveCfg = Release|Any CPU
		{BE9F7E62-D9D6-4FC7-B449-820899498621}.SignedRelease|x64.Build.0 = Release|Any CPU
		{BE9F7E62-D9D6-4FC7-B449-820899498621}.SignedRelease|x86.ActiveCfg = Release|Any CPU
		{BE9F7E62-D9D6-4FC7-B449-820899498621}.SignedRelease|x86.Build.0 = Release|Any CPU
		{8CCBEC10-F28B-4330-A351-0B4B900F1169}.Debug|Any CPU.ActiveCfg = Debug|Any CPU
		{8CCBEC10-F28B-4330-A351-0B4B900F1169}.Debug|Any CPU.Build.0 = Debug|Any CPU
		{8CCBEC10-F28B-4330-A351-0B4B900F1169}.Debug|x64.ActiveCfg = Debug|Any CPU
		{8CCBEC10-F28B-4330-A351-0B4B900F1169}.Debug|x64.Build.0 = Debug|Any CPU
		{8CCBEC10-F28B-4330-A351-0B4B900F1169}.Debug|x86.ActiveCfg = Debug|Any CPU
		{8CCBEC10-F28B-4330-A351-0B4B900F1169}.Debug|x86.Build.0 = Debug|Any CPU
		{8CCBEC10-F28B-4330-A351-0B4B900F1169}.Release|Any CPU.ActiveCfg = Release|Any CPU
		{8CCBEC10-F28B-4330-A351-0B4B900F1169}.Release|Any CPU.Build.0 = Release|Any CPU
		{8CCBEC10-F28B-4330-A351-0B4B900F1169}.Release|x64.ActiveCfg = Release|Any CPU
		{8CCBEC10-F28B-4330-A351-0B4B900F1169}.Release|x64.Build.0 = Release|Any CPU
		{8CCBEC10-F28B-4330-A351-0B4B900F1169}.Release|x86.ActiveCfg = Release|Any CPU
		{8CCBEC10-F28B-4330-A351-0B4B900F1169}.Release|x86.Build.0 = Release|Any CPU
		{8CCBEC10-F28B-4330-A351-0B4B900F1169}.SignedRelease|Any CPU.ActiveCfg = Release|Any CPU
		{8CCBEC10-F28B-4330-A351-0B4B900F1169}.SignedRelease|Any CPU.Build.0 = Release|Any CPU
		{8CCBEC10-F28B-4330-A351-0B4B900F1169}.SignedRelease|x64.ActiveCfg = Release|Any CPU
		{8CCBEC10-F28B-4330-A351-0B4B900F1169}.SignedRelease|x64.Build.0 = Release|Any CPU
		{8CCBEC10-F28B-4330-A351-0B4B900F1169}.SignedRelease|x86.ActiveCfg = Release|Any CPU
		{8CCBEC10-F28B-4330-A351-0B4B900F1169}.SignedRelease|x86.Build.0 = Release|Any CPU
		{EEE9CD52-CA10-41AE-AC6E-98AE4BBDFA2D}.Debug|Any CPU.ActiveCfg = Debug|Any CPU
		{EEE9CD52-CA10-41AE-AC6E-98AE4BBDFA2D}.Debug|Any CPU.Build.0 = Debug|Any CPU
		{EEE9CD52-CA10-41AE-AC6E-98AE4BBDFA2D}.Debug|x64.ActiveCfg = Debug|Any CPU
		{EEE9CD52-CA10-41AE-AC6E-98AE4BBDFA2D}.Debug|x64.Build.0 = Debug|Any CPU
		{EEE9CD52-CA10-41AE-AC6E-98AE4BBDFA2D}.Debug|x86.ActiveCfg = Debug|Any CPU
		{EEE9CD52-CA10-41AE-AC6E-98AE4BBDFA2D}.Debug|x86.Build.0 = Debug|Any CPU
		{EEE9CD52-CA10-41AE-AC6E-98AE4BBDFA2D}.Release|Any CPU.ActiveCfg = Release|Any CPU
		{EEE9CD52-CA10-41AE-AC6E-98AE4BBDFA2D}.Release|Any CPU.Build.0 = Release|Any CPU
		{EEE9CD52-CA10-41AE-AC6E-98AE4BBDFA2D}.Release|x64.ActiveCfg = Release|Any CPU
		{EEE9CD52-CA10-41AE-AC6E-98AE4BBDFA2D}.Release|x64.Build.0 = Release|Any CPU
		{EEE9CD52-CA10-41AE-AC6E-98AE4BBDFA2D}.Release|x86.ActiveCfg = Release|Any CPU
		{EEE9CD52-CA10-41AE-AC6E-98AE4BBDFA2D}.Release|x86.Build.0 = Release|Any CPU
		{EEE9CD52-CA10-41AE-AC6E-98AE4BBDFA2D}.SignedRelease|Any CPU.ActiveCfg = Release|Any CPU
		{EEE9CD52-CA10-41AE-AC6E-98AE4BBDFA2D}.SignedRelease|Any CPU.Build.0 = Release|Any CPU
		{EEE9CD52-CA10-41AE-AC6E-98AE4BBDFA2D}.SignedRelease|x64.ActiveCfg = Release|Any CPU
		{EEE9CD52-CA10-41AE-AC6E-98AE4BBDFA2D}.SignedRelease|x64.Build.0 = Release|Any CPU
		{EEE9CD52-CA10-41AE-AC6E-98AE4BBDFA2D}.SignedRelease|x86.ActiveCfg = Release|Any CPU
		{EEE9CD52-CA10-41AE-AC6E-98AE4BBDFA2D}.SignedRelease|x86.Build.0 = Release|Any CPU
		{7A7C04EA-8279-4D69-959D-E804DD81BC70}.Debug|Any CPU.ActiveCfg = Debug|Any CPU
		{7A7C04EA-8279-4D69-959D-E804DD81BC70}.Debug|Any CPU.Build.0 = Debug|Any CPU
		{7A7C04EA-8279-4D69-959D-E804DD81BC70}.Debug|x64.ActiveCfg = Debug|Any CPU
		{7A7C04EA-8279-4D69-959D-E804DD81BC70}.Debug|x64.Build.0 = Debug|Any CPU
		{7A7C04EA-8279-4D69-959D-E804DD81BC70}.Debug|x86.ActiveCfg = Debug|Any CPU
		{7A7C04EA-8279-4D69-959D-E804DD81BC70}.Debug|x86.Build.0 = Debug|Any CPU
		{7A7C04EA-8279-4D69-959D-E804DD81BC70}.Release|Any CPU.ActiveCfg = Release|Any CPU
		{7A7C04EA-8279-4D69-959D-E804DD81BC70}.Release|Any CPU.Build.0 = Release|Any CPU
		{7A7C04EA-8279-4D69-959D-E804DD81BC70}.Release|x64.ActiveCfg = Release|Any CPU
		{7A7C04EA-8279-4D69-959D-E804DD81BC70}.Release|x64.Build.0 = Release|Any CPU
		{7A7C04EA-8279-4D69-959D-E804DD81BC70}.Release|x86.ActiveCfg = Release|Any CPU
		{7A7C04EA-8279-4D69-959D-E804DD81BC70}.Release|x86.Build.0 = Release|Any CPU
		{7A7C04EA-8279-4D69-959D-E804DD81BC70}.SignedRelease|Any CPU.ActiveCfg = Release|Any CPU
		{7A7C04EA-8279-4D69-959D-E804DD81BC70}.SignedRelease|x64.ActiveCfg = Release|Any CPU
		{7A7C04EA-8279-4D69-959D-E804DD81BC70}.SignedRelease|x86.ActiveCfg = Release|Any CPU
		{01426834-55CE-4942-8445-194E4E1BE22A}.Debug|Any CPU.ActiveCfg = Debug|x86
		{01426834-55CE-4942-8445-194E4E1BE22A}.Debug|Any CPU.Build.0 = Debug|x86
		{01426834-55CE-4942-8445-194E4E1BE22A}.Debug|x64.ActiveCfg = Debug|x86
		{01426834-55CE-4942-8445-194E4E1BE22A}.Debug|x86.ActiveCfg = Debug|x86
		{01426834-55CE-4942-8445-194E4E1BE22A}.Debug|x86.Build.0 = Debug|x86
		{01426834-55CE-4942-8445-194E4E1BE22A}.Release|Any CPU.ActiveCfg = Release|x86
		{01426834-55CE-4942-8445-194E4E1BE22A}.Release|Any CPU.Build.0 = Release|x86
		{01426834-55CE-4942-8445-194E4E1BE22A}.Release|x64.ActiveCfg = Release|x86
		{01426834-55CE-4942-8445-194E4E1BE22A}.Release|x86.ActiveCfg = Release|x86
		{01426834-55CE-4942-8445-194E4E1BE22A}.Release|x86.Build.0 = Release|x86
		{01426834-55CE-4942-8445-194E4E1BE22A}.SignedRelease|Any CPU.ActiveCfg = Release|x86
		{01426834-55CE-4942-8445-194E4E1BE22A}.SignedRelease|Any CPU.Build.0 = Release|x86
		{01426834-55CE-4942-8445-194E4E1BE22A}.SignedRelease|x64.ActiveCfg = Release|x86
		{01426834-55CE-4942-8445-194E4E1BE22A}.SignedRelease|x64.Build.0 = Release|x86
		{01426834-55CE-4942-8445-194E4E1BE22A}.SignedRelease|x86.ActiveCfg = Release|x86
		{01426834-55CE-4942-8445-194E4E1BE22A}.SignedRelease|x86.Build.0 = Release|x86
		{5838601C-D9EB-4198-9608-5F93735A04E4}.Debug|Any CPU.ActiveCfg = Debug|Any CPU
		{5838601C-D9EB-4198-9608-5F93735A04E4}.Debug|Any CPU.Build.0 = Debug|Any CPU
		{5838601C-D9EB-4198-9608-5F93735A04E4}.Debug|x64.ActiveCfg = Debug|Any CPU
		{5838601C-D9EB-4198-9608-5F93735A04E4}.Debug|x64.Build.0 = Debug|Any CPU
		{5838601C-D9EB-4198-9608-5F93735A04E4}.Debug|x86.ActiveCfg = Debug|Any CPU
		{5838601C-D9EB-4198-9608-5F93735A04E4}.Debug|x86.Build.0 = Debug|Any CPU
		{5838601C-D9EB-4198-9608-5F93735A04E4}.Release|Any CPU.ActiveCfg = Release|Any CPU
		{5838601C-D9EB-4198-9608-5F93735A04E4}.Release|Any CPU.Build.0 = Release|Any CPU
		{5838601C-D9EB-4198-9608-5F93735A04E4}.Release|x64.ActiveCfg = Release|Any CPU
		{5838601C-D9EB-4198-9608-5F93735A04E4}.Release|x64.Build.0 = Release|Any CPU
		{5838601C-D9EB-4198-9608-5F93735A04E4}.Release|x86.ActiveCfg = Release|Any CPU
		{5838601C-D9EB-4198-9608-5F93735A04E4}.Release|x86.Build.0 = Release|Any CPU
		{5838601C-D9EB-4198-9608-5F93735A04E4}.SignedRelease|Any CPU.ActiveCfg = Release|Any CPU
		{5838601C-D9EB-4198-9608-5F93735A04E4}.SignedRelease|Any CPU.Build.0 = Release|Any CPU
		{5838601C-D9EB-4198-9608-5F93735A04E4}.SignedRelease|x64.ActiveCfg = Release|Any CPU
		{5838601C-D9EB-4198-9608-5F93735A04E4}.SignedRelease|x64.Build.0 = Release|Any CPU
		{5838601C-D9EB-4198-9608-5F93735A04E4}.SignedRelease|x86.ActiveCfg = Release|Any CPU
		{5838601C-D9EB-4198-9608-5F93735A04E4}.SignedRelease|x86.Build.0 = Release|Any CPU
		{3AB5DE55-FD68-40C2-A1AC-2F4422C75A5E}.Debug|Any CPU.ActiveCfg = Debug|Any CPU
		{3AB5DE55-FD68-40C2-A1AC-2F4422C75A5E}.Debug|Any CPU.Build.0 = Debug|Any CPU
		{3AB5DE55-FD68-40C2-A1AC-2F4422C75A5E}.Debug|x64.ActiveCfg = Debug|Any CPU
		{3AB5DE55-FD68-40C2-A1AC-2F4422C75A5E}.Debug|x64.Build.0 = Debug|Any CPU
		{3AB5DE55-FD68-40C2-A1AC-2F4422C75A5E}.Debug|x86.ActiveCfg = Debug|Any CPU
		{3AB5DE55-FD68-40C2-A1AC-2F4422C75A5E}.Debug|x86.Build.0 = Debug|Any CPU
		{3AB5DE55-FD68-40C2-A1AC-2F4422C75A5E}.Release|Any CPU.ActiveCfg = Release|Any CPU
		{3AB5DE55-FD68-40C2-A1AC-2F4422C75A5E}.Release|Any CPU.Build.0 = Release|Any CPU
		{3AB5DE55-FD68-40C2-A1AC-2F4422C75A5E}.Release|x64.ActiveCfg = Release|Any CPU
		{3AB5DE55-FD68-40C2-A1AC-2F4422C75A5E}.Release|x64.Build.0 = Release|Any CPU
		{3AB5DE55-FD68-40C2-A1AC-2F4422C75A5E}.Release|x86.ActiveCfg = Release|Any CPU
		{3AB5DE55-FD68-40C2-A1AC-2F4422C75A5E}.SignedRelease|Any CPU.ActiveCfg = Release|Any CPU
		{3AB5DE55-FD68-40C2-A1AC-2F4422C75A5E}.SignedRelease|Any CPU.Build.0 = Release|Any CPU
		{3AB5DE55-FD68-40C2-A1AC-2F4422C75A5E}.SignedRelease|x64.ActiveCfg = Release|Any CPU
		{3AB5DE55-FD68-40C2-A1AC-2F4422C75A5E}.SignedRelease|x64.Build.0 = Release|Any CPU
		{3AB5DE55-FD68-40C2-A1AC-2F4422C75A5E}.SignedRelease|x86.ActiveCfg = Release|Any CPU
		{757A7A71-E939-43DB-B7D3-4EC30347368B}.Debug|Any CPU.ActiveCfg = Debug|Any CPU
		{757A7A71-E939-43DB-B7D3-4EC30347368B}.Debug|Any CPU.Build.0 = Debug|Any CPU
		{757A7A71-E939-43DB-B7D3-4EC30347368B}.Debug|x64.ActiveCfg = Debug|Any CPU
		{757A7A71-E939-43DB-B7D3-4EC30347368B}.Debug|x64.Build.0 = Debug|Any CPU
		{757A7A71-E939-43DB-B7D3-4EC30347368B}.Debug|x86.ActiveCfg = Debug|Any CPU
		{757A7A71-E939-43DB-B7D3-4EC30347368B}.Debug|x86.Build.0 = Debug|Any CPU
		{757A7A71-E939-43DB-B7D3-4EC30347368B}.Release|Any CPU.ActiveCfg = Release|Any CPU
		{757A7A71-E939-43DB-B7D3-4EC30347368B}.Release|Any CPU.Build.0 = Release|Any CPU
		{757A7A71-E939-43DB-B7D3-4EC30347368B}.Release|x64.ActiveCfg = Release|Any CPU
		{757A7A71-E939-43DB-B7D3-4EC30347368B}.Release|x64.Build.0 = Release|Any CPU
		{757A7A71-E939-43DB-B7D3-4EC30347368B}.Release|x86.ActiveCfg = Release|Any CPU
		{757A7A71-E939-43DB-B7D3-4EC30347368B}.Release|x86.Build.0 = Release|Any CPU
		{757A7A71-E939-43DB-B7D3-4EC30347368B}.SignedRelease|Any CPU.ActiveCfg = Release|Any CPU
		{757A7A71-E939-43DB-B7D3-4EC30347368B}.SignedRelease|Any CPU.Build.0 = Release|Any CPU
		{757A7A71-E939-43DB-B7D3-4EC30347368B}.SignedRelease|x64.ActiveCfg = Release|Any CPU
		{757A7A71-E939-43DB-B7D3-4EC30347368B}.SignedRelease|x64.Build.0 = Release|Any CPU
		{757A7A71-E939-43DB-B7D3-4EC30347368B}.SignedRelease|x86.ActiveCfg = Release|Any CPU
		{757A7A71-E939-43DB-B7D3-4EC30347368B}.SignedRelease|x86.Build.0 = Release|Any CPU
	EndGlobalSection
	GlobalSection(SolutionProperties) = preSolution
		HideSolutionNode = FALSE
	EndGlobalSection
	GlobalSection(NestedProjects) = preSolution
		{F595A9C3-E625-40C9-82A5-79F05804F535} = {809F77B0-82E0-4990-A9A4-4806157385E9}
		{137DB774-6464-48BC-B577-091ABEAF0178} = {C23FB215-D2F6-454D-BD08-7736562CDFB3}
		{D17E1749-28FE-44B9-A9F6-AF8985124FE4} = {A7D302E8-FBAD-4564-80FF-F5A9BEEAAF76}
		{723DDC93-8AB7-403C-9D03-C90B01CAE774} = {809F77B0-82E0-4990-A9A4-4806157385E9}
		{5E06484C-A156-46D7-830B-68275ED64F44} = {809F77B0-82E0-4990-A9A4-4806157385E9}
		{58DBF9FE-0029-408F-A8A4-23AE500E938D} = {A7D302E8-FBAD-4564-80FF-F5A9BEEAAF76}
		{723F3286-D001-4CB1-9F4D-29EF6B894877} = {A7D302E8-FBAD-4564-80FF-F5A9BEEAAF76}
		{608E7EF9-C670-4152-A056-46448E2F1E18} = {7514A72C-6BC5-431A-920F-55B62413EAC8}
		{EAA85D0D-712D-4D85-A246-D3C699C6C602} = {A7D302E8-FBAD-4564-80FF-F5A9BEEAAF76}
		{80165CCC-6D76-4590-A16B-1790A35B08E4} = {A7D302E8-FBAD-4564-80FF-F5A9BEEAAF76}
		{7199C6A9-DD07-46A2-8D89-8458968C0897} = {A7D302E8-FBAD-4564-80FF-F5A9BEEAAF76}
		{53A83593-015F-460A-9797-D910CB997E62} = {A7D302E8-FBAD-4564-80FF-F5A9BEEAAF76}
		{1D4F9843-B1CB-4CCC-A13A-D132336750F2} = {2190F103-4B22-43FE-A047-093356B1007A}
		{B1DED5B2-FA82-4B17-8E10-7B3B6F6A14FB} = {2190F103-4B22-43FE-A047-093356B1007A}
		{F9F353A9-CC0B-4FA4-990E-4390D6A6D825} = {2190F103-4B22-43FE-A047-093356B1007A}
		{F421AAFD-D85F-49B8-B95E-CA17718C38DD} = {A7D302E8-FBAD-4564-80FF-F5A9BEEAAF76}
		{BE9F7E62-D9D6-4FC7-B449-820899498621} = {A7D302E8-FBAD-4564-80FF-F5A9BEEAAF76}
		{8CCBEC10-F28B-4330-A351-0B4B900F1169} = {A7D302E8-FBAD-4564-80FF-F5A9BEEAAF76}
		{EEE9CD52-CA10-41AE-AC6E-98AE4BBDFA2D} = {809F77B0-82E0-4990-A9A4-4806157385E9}
		{7A7C04EA-8279-4D69-959D-E804DD81BC70} = {809F77B0-82E0-4990-A9A4-4806157385E9}
		{01426834-55CE-4942-8445-194E4E1BE22A} = {C23FB215-D2F6-454D-BD08-7736562CDFB3}
		{5838601C-D9EB-4198-9608-5F93735A04E4} = {2190F103-4B22-43FE-A047-093356B1007A}
		{3AB5DE55-FD68-40C2-A1AC-2F4422C75A5E} = {2190F103-4B22-43FE-A047-093356B1007A}
		{757A7A71-E939-43DB-B7D3-4EC30347368B} = {809F77B0-82E0-4990-A9A4-4806157385E9}
	EndGlobalSection
	GlobalSection(ExtensibilityGlobals) = postSolution
		SolutionGuid = {25101A75-9178-4066-B360-E932959B9758}
	EndGlobalSection
	GlobalSection(Performance) = preSolution
		HasPerformanceSessions = true
	EndGlobalSection
	GlobalSection(Performance) = preSolution
		HasPerformanceSessions = true
	EndGlobalSection
	GlobalSection(Performance) = preSolution
		HasPerformanceSessions = true
	EndGlobalSection
	GlobalSection(Performance) = preSolution
		HasPerformanceSessions = true
	EndGlobalSection
	GlobalSection(Performance) = preSolution
		HasPerformanceSessions = true
	EndGlobalSection
EndGlobal
